{
  "object": {
    "pins": [
      {
        "package": "Highlightr",
        "repositoryURL": "https://github.com/raspu/Highlightr.git",
        "state": {
          "branch": "master",
          "revision": "93199b9e434f04bda956a613af8f571933f9f037",
          "version": null
        }
      }
    ]
  },
  "version": 1
}
