// !$*UTF8*$!
{
	archiveVersion = 1;
	classes = {
	};
	objectVersion = 52;
	objects = {

/* Begin PBXBuildFile section */
		F2499D9F261F4BB400D6829A /* AppDelegate.swift in Sources */ = {isa = PBXBuildFile; fileRef = F2499D9E261F4BB400D6829A /* AppDelegate.swift */; };
		F2499DBF261F4ED400D6829A /* SceneDelegate.swift in Sources */ = {isa = PBXBuildFile; fileRef = F2499DBE261F4ED400D6829A /* SceneDelegate.swift */; };
		F2499DE5261F5B9500D6829A /* DocumentBrowserViewController.swift in Sources */ = {isa = PBXBuildFile; fileRef = F2499DE4261F5B9500D6829A /* DocumentBrowserViewController.swift */; };
		F2499DEB261F5BED00D6829A /* TextDocument.swift in Sources */ = {isa = PBXBuildFile; fileRef = F2499DEA261F5BED00D6829A /* TextDocument.swift */; };
		F2499DEE261FDFBD00D6829A /* TextDocumentViewController.swift in Sources */ = {isa = PBXBuildFile; fileRef = F2499DED261FDFBD00D6829A /* TextDocumentViewController.swift */; };
		F2499DF12620160800D6829A /* KeyboardLayoutObserver.swift in Sources */ = {isa = PBXBuildFile; fileRef = F2499DF02620160800D6829A /* KeyboardLayoutObserver.swift */; };
		F2499DFE2620293300D6829A /* WatDocument.swift in Sources */ = {isa = PBXBuildFile; fileRef = F2499DFD2620293300D6829A /* WatDocument.swift */; };
		F2499E5F2620587500D6829A /* WasmExecutionView.swift in Sources */ = {isa = PBXBuildFile; fileRef = F2499E5E2620587500D6829A /* WasmExecutionView.swift */; };
		F2499E712620A58F00D6829A /* WasmicTests.swift in Sources */ = {isa = PBXBuildFile; fileRef = F2499E702620A58F00D6829A /* WasmicTests.swift */; };
		F2499E7F2620A83300D6829A /* WasmExecutorTests.swift in Sources */ = {isa = PBXBuildFile; fileRef = F2499E7E2620A83300D6829A /* WasmExecutorTests.swift */; };
		F2499EA02620B40900D6829A /* WebAssembly.swift in Sources */ = {isa = PBXBuildFile; fileRef = F2499E9F2620B40900D6829A /* WebAssembly.swift */; };
		F2499EAE2620B43100D6829A /* WasmicWasmTests.swift in Sources */ = {isa = PBXBuildFile; fileRef = F2499EAD2620B43100D6829A /* WasmicWasmTests.swift */; };
		F2499EB02620B43100D6829A /* libWasmicWasm.a in Frameworks */ = {isa = PBXBuildFile; fileRef = F2499E9D2620B40900D6829A /* libWasmicWasm.a */; };
		F2499EC72620B50500D6829A /* WatCompiler.swift in Sources */ = {isa = PBXBuildFile; fileRef = F2499EC62620B50500D6829A /* WatCompiler.swift */; };
		F2499ED82620B59600D6829A /* wabt.xcframework in Frameworks */ = {isa = PBXBuildFile; fileRef = F2499E0426202F9600D6829A /* wabt.xcframework */; };
		F2499ED92620B59600D6829A /* wasm3.xcframework in Frameworks */ = {isa = PBXBuildFile; fileRef = F2499D90261F466C00D6829A /* wasm3.xcframework */; };
		F2499EEF2620B6C400D6829A /* wabt.xcframework in Frameworks */ = {isa = PBXBuildFile; fileRef = F2499E0426202F9600D6829A /* wabt.xcframework */; };
		F2499EF02620B6C400D6829A /* wasm3.xcframework in Frameworks */ = {isa = PBXBuildFile; fileRef = F2499D90261F466C00D6829A /* wasm3.xcframework */; };
		F2499F062621304B00D6829A /* TextDocumentEngine.swift in Sources */ = {isa = PBXBuildFile; fileRef = F2499F052621304B00D6829A /* TextDocumentEngine.swift */; };
		F2499F0C262137A600D6829A /* WasmInvocationView.swift in Sources */ = {isa = PBXBuildFile; fileRef = F2499F0B262137A600D6829A /* WasmInvocationView.swift */; };
		F2499F1726213A8000D6829A /* InterfaceParser.swift in Sources */ = {isa = PBXBuildFile; fileRef = F2499F1126213A7B00D6829A /* InterfaceParser.swift */; };
		F2499F3126213BA400D6829A /* BinaryFormat.swift in Sources */ = {isa = PBXBuildFile; fileRef = F2499F3026213BA400D6829A /* BinaryFormat.swift */; };
		F2499F3B26213BD500D6829A /* InputByteStream.swift in Sources */ = {isa = PBXBuildFile; fileRef = F2499F3A26213BD500D6829A /* InputByteStream.swift */; };
		F2499F4126213BF500D6829A /* Sections.swift in Sources */ = {isa = PBXBuildFile; fileRef = F2499F4026213BF500D6829A /* Sections.swift */; };
		F2499F4726213C2500D6829A /* LEB128.swift in Sources */ = {isa = PBXBuildFile; fileRef = F2499F4626213C2500D6829A /* LEB128.swift */; };
		F2499F5B2621696800D6829A /* WasmicBrand.swift in Sources */ = {isa = PBXBuildFile; fileRef = F2499F5A2621696800D6829A /* WasmicBrand.swift */; };
		F2499FA026218F4A00D6829A /* Highlightr in Frameworks */ = {isa = PBXBuildFile; productRef = F2499F9F26218F4A00D6829A /* Highlightr */; };
		F2499FC52621A15E00D6829A /* Localizable.strings in Resources */ = {isa = PBXBuildFile; fileRef = F2499FC72621A15E00D6829A /* Localizable.strings */; };
		F249A06A2621C42900D6829A /* Intents.framework in Frameworks */ = {isa = PBXBuildFile; fileRef = F249A0692621C42900D6829A /* Intents.framework */; };
		F249A06D2621C42900D6829A /* IntentHandler.swift in Sources */ = {isa = PBXBuildFile; fileRef = F249A06C2621C42900D6829A /* IntentHandler.swift */; };
		F249A0712621C42900D6829A /* WasmicIntents.appex in Embed App Extensions */ = {isa = PBXBuildFile; fileRef = F249A0682621C42900D6829A /* WasmicIntents.appex */; settings = {ATTRIBUTES = (RemoveHeadersOnCopy, ); }; };
		F249A0BD2621C90600D6829A /* WasmicKit.h in Headers */ = {isa = PBXBuildFile; fileRef = F249A0BB2621C90600D6829A /* WasmicKit.h */; settings = {ATTRIBUTES = (Public, ); }; };
		F249A0C02621C90600D6829A /* WasmicKit.framework in Frameworks */ = {isa = PBXBuildFile; fileRef = F249A0B92621C90600D6829A /* WasmicKit.framework */; };
		F249A0C22621C90600D6829A /* WasmicKit.framework in Embed Frameworks */ = {isa = PBXBuildFile; fileRef = F249A0B92621C90600D6829A /* WasmicKit.framework */; settings = {ATTRIBUTES = (CodeSignOnCopy, RemoveHeadersOnCopy, ); }; };
		F249A0DF2621C93000D6829A /* Intents.intentdefinition in Sources */ = {isa = PBXBuildFile; fileRef = F2499FEF2621B9CE00D6829A /* Intents.intentdefinition */; };
		F249A10C2621CA3C00D6829A /* libWasmicWasm.a in Frameworks */ = {isa = PBXBuildFile; fileRef = F2499E9D2620B40900D6829A /* libWasmicWasm.a */; };
		F249A13C2621CB2600D6829A /* WasmicKit.framework in Frameworks */ = {isa = PBXBuildFile; fileRef = F249A0B92621C90600D6829A /* WasmicKit.framework */; };
		F249A1482621CB9900D6829A /* WasmicKit.swift in Sources */ = {isa = PBXBuildFile; fileRef = F249A1472621CB9900D6829A /* WasmicKit.swift */; };
		F249A18D2621CE3500D6829A /* wabt.xcframework in Frameworks */ = {isa = PBXBuildFile; fileRef = F2499E0426202F9600D6829A /* wabt.xcframework */; };
		F249A19E2621CEB300D6829A /* RunWasmFileIntentHandler.swift in Sources */ = {isa = PBXBuildFile; fileRef = F249A19D2621CEB300D6829A /* RunWasmFileIntentHandler.swift */; };
		F249A1BE2621D7E800D6829A /* Intents.intentdefinition in Resources */ = {isa = PBXBuildFile; fileRef = F2499FEF2621B9CE00D6829A /* Intents.intentdefinition */; };
		F249A2CB2622969400D6829A /* ShortcutsStorage.swift in Sources */ = {isa = PBXBuildFile; fileRef = F249A2CA2622969400D6829A /* ShortcutsStorage.swift */; };
		F249A2DD26229C4100D6829A /* ShortcutsNote.swift in Sources */ = {isa = PBXBuildFile; fileRef = F249A2DC26229C4100D6829A /* ShortcutsNote.swift */; };
		F249A2DE26229C4100D6829A /* ShortcutsNote.swift in Sources */ = {isa = PBXBuildFile; fileRef = F249A2DC26229C4100D6829A /* ShortcutsNote.swift */; };
		F249A2EB2622A07A00D6829A /* PrimaryButton.swift in Sources */ = {isa = PBXBuildFile; fileRef = F249A2EA2622A07A00D6829A /* PrimaryButton.swift */; };
		F249A2EC2622A07A00D6829A /* PrimaryButton.swift in Sources */ = {isa = PBXBuildFile; fileRef = F249A2EA2622A07A00D6829A /* PrimaryButton.swift */; };
		F249A2F82622A6CF00D6829A /* Assets.xcassets in Resources */ = {isa = PBXBuildFile; fileRef = F249A2F72622A6CF00D6829A /* Assets.xcassets */; };
		F249A2F92622A6CF00D6829A /* Assets.xcassets in Resources */ = {isa = PBXBuildFile; fileRef = F249A2F72622A6CF00D6829A /* Assets.xcassets */; };
		F249A3002622AE2600D6829A /* WelcomeNote.swift in Sources */ = {isa = PBXBuildFile; fileRef = F249A2FF2622AE2600D6829A /* WelcomeNote.swift */; };
		F249A3012622AE2600D6829A /* WelcomeNote.swift in Sources */ = {isa = PBXBuildFile; fileRef = F249A2FF2622AE2600D6829A /* WelcomeNote.swift */; };
		F249A3082622B44500D6829A /* PersistentState.swift in Sources */ = {isa = PBXBuildFile; fileRef = F249A3072622B44500D6829A /* PersistentState.swift */; };
		F249A3092622B44500D6829A /* PersistentState.swift in Sources */ = {isa = PBXBuildFile; fileRef = F249A3072622B44500D6829A /* PersistentState.swift */; };
		F249A3462622DC5200D6829A /* wasi_api.h in Headers */ = {isa = PBXBuildFile; fileRef = F249A3442622DC5200D6829A /* wasi_api.h */; };
		F249A35B2622DC5800D6829A /* wasi_api.c in Sources */ = {isa = PBXBuildFile; fileRef = F249A3452622DC5200D6829A /* wasi_api.c */; };
		F249A36F2622DD4500D6829A /* libCWasmicWASI.a in Frameworks */ = {isa = PBXBuildFile; fileRef = F249A3312622DC1F00D6829A /* libCWasmicWASI.a */; };
		F249A39D2622E57300D6829A /* module.modulemap in Headers */ = {isa = PBXBuildFile; fileRef = F249A38E2622E4A700D6829A /* module.modulemap */; settings = {ATTRIBUTES = (Public, ); }; };
		F249A39E2622E57300D6829A /* wasi_api.h in Headers */ = {isa = PBXBuildFile; fileRef = F249A3442622DC5200D6829A /* wasi_api.h */; settings = {ATTRIBUTES = (Public, ); }; };
		F25199AB261F26530037DA79 /* ContentView.swift in Sources */ = {isa = PBXBuildFile; fileRef = F2519981261F26520037DA79 /* ContentView.swift */; };
		F25199AD261F26530037DA79 /* Assets.xcassets in Resources */ = {isa = PBXBuildFile; fileRef = F2519982261F26530037DA79 /* Assets.xcassets */; };
/* End PBXBuildFile section */

/* Begin PBXContainerItemProxy section */
		F2499E732620A58F00D6829A /* PBXContainerItemProxy */ = {
			isa = PBXContainerItemProxy;
			containerPortal = F251997B261F26520037DA79 /* Project object */;
			proxyType = 1;
			remoteGlobalIDString = F2519986261F26530037DA79;
			remoteInfo = Wasmic;
		};
		F2499EB12620B43100D6829A /* PBXContainerItemProxy */ = {
			isa = PBXContainerItemProxy;
			containerPortal = F251997B261F26520037DA79 /* Project object */;
			proxyType = 1;
			remoteGlobalIDString = F2499E9C2620B40900D6829A;
			remoteInfo = WasmicWasm;
		};
		F249A06F2621C42900D6829A /* PBXContainerItemProxy */ = {
			isa = PBXContainerItemProxy;
			containerPortal = F251997B261F26520037DA79 /* Project object */;
			proxyType = 1;
			remoteGlobalIDString = F249A0672621C42900D6829A;
			remoteInfo = WasmicIntents;
		};
		F249A0BE2621C90600D6829A /* PBXContainerItemProxy */ = {
			isa = PBXContainerItemProxy;
			containerPortal = F251997B261F26520037DA79 /* Project object */;
			proxyType = 1;
			remoteGlobalIDString = F249A0B82621C90600D6829A;
			remoteInfo = WasmicKit;
		};
		F249A0FB2621CA1800D6829A /* PBXContainerItemProxy */ = {
			isa = PBXContainerItemProxy;
			containerPortal = F251997B261F26520037DA79 /* Project object */;
			proxyType = 1;
			remoteGlobalIDString = F2499E9C2620B40900D6829A;
			remoteInfo = WasmicWasm;
		};
		F249A1352621CB1D00D6829A /* PBXContainerItemProxy */ = {
			isa = PBXContainerItemProxy;
			containerPortal = F251997B261F26520037DA79 /* Project object */;
			proxyType = 1;
			remoteGlobalIDString = F249A0B82621C90600D6829A;
			remoteInfo = WasmicKit;
		};
/* End PBXContainerItemProxy section */

/* Begin PBXCopyFilesBuildPhase section */
		F2499E9B2620B40900D6829A /* CopyFiles */ = {
			isa = PBXCopyFilesBuildPhase;
			buildActionMask = 2147483647;
			dstPath = "include/$(PRODUCT_NAME)";
			dstSubfolderSpec = 16;
			files = (
			);
			runOnlyForDeploymentPostprocessing = 0;
		};
		F249A0752621C42900D6829A /* Embed App Extensions */ = {
			isa = PBXCopyFilesBuildPhase;
			buildActionMask = 2147483647;
			dstPath = "";
			dstSubfolderSpec = 13;
			files = (
				F249A0712621C42900D6829A /* WasmicIntents.appex in Embed App Extensions */,
			);
			name = "Embed App Extensions";
			runOnlyForDeploymentPostprocessing = 0;
		};
		F249A0C12621C90600D6829A /* Embed Frameworks */ = {
			isa = PBXCopyFilesBuildPhase;
			buildActionMask = 2147483647;
			dstPath = "";
			dstSubfolderSpec = 10;
			files = (
				F249A0C22621C90600D6829A /* WasmicKit.framework in Embed Frameworks */,
			);
			name = "Embed Frameworks";
			runOnlyForDeploymentPostprocessing = 0;
		};
		F249A32F2622DC1F00D6829A /* CopyFiles */ = {
			isa = PBXCopyFilesBuildPhase;
			buildActionMask = 2147483647;
			dstPath = "include/$(PRODUCT_NAME)";
			dstSubfolderSpec = 16;
			files = (
			);
			runOnlyForDeploymentPostprocessing = 0;
		};
/* End PBXCopyFilesBuildPhase section */

/* Begin PBXFileReference section */
		F2499D90261F466C00D6829A /* wasm3.xcframework */ = {isa = PBXFileReference; lastKnownFileType = wrapper.xcframework; name = wasm3.xcframework; path = "third-party/build/wasm3.xcframework"; sourceTree = "<group>"; };
		F2499D9E261F4BB400D6829A /* AppDelegate.swift */ = {isa = PBXFileReference; lastKnownFileType = sourcecode.swift; path = AppDelegate.swift; sourceTree = "<group>"; };
		F2499DBE261F4ED400D6829A /* SceneDelegate.swift */ = {isa = PBXFileReference; lastKnownFileType = sourcecode.swift; path = SceneDelegate.swift; sourceTree = "<group>"; };
		F2499DE4261F5B9500D6829A /* DocumentBrowserViewController.swift */ = {isa = PBXFileReference; lastKnownFileType = sourcecode.swift; path = DocumentBrowserViewController.swift; sourceTree = "<group>"; };
		F2499DEA261F5BED00D6829A /* TextDocument.swift */ = {isa = PBXFileReference; lastKnownFileType = sourcecode.swift; path = TextDocument.swift; sourceTree = "<group>"; };
		F2499DED261FDFBD00D6829A /* TextDocumentViewController.swift */ = {isa = PBXFileReference; lastKnownFileType = sourcecode.swift; path = TextDocumentViewController.swift; sourceTree = "<group>"; };
		F2499DF02620160800D6829A /* KeyboardLayoutObserver.swift */ = {isa = PBXFileReference; lastKnownFileType = sourcecode.swift; path = KeyboardLayoutObserver.swift; sourceTree = "<group>"; };
		F2499DFD2620293300D6829A /* WatDocument.swift */ = {isa = PBXFileReference; lastKnownFileType = sourcecode.swift; path = WatDocument.swift; sourceTree = "<group>"; };
		F2499E0426202F9600D6829A /* wabt.xcframework */ = {isa = PBXFileReference; lastKnownFileType = wrapper.xcframework; name = wabt.xcframework; path = "third-party/build/wabt.xcframework"; sourceTree = "<group>"; };
		F2499E5E2620587500D6829A /* WasmExecutionView.swift */ = {isa = PBXFileReference; lastKnownFileType = sourcecode.swift; path = WasmExecutionView.swift; sourceTree = "<group>"; };
		F2499E6E2620A58F00D6829A /* WasmicTests.xctest */ = {isa = PBXFileReference; explicitFileType = wrapper.cfbundle; includeInIndex = 0; path = WasmicTests.xctest; sourceTree = BUILT_PRODUCTS_DIR; };
		F2499E702620A58F00D6829A /* WasmicTests.swift */ = {isa = PBXFileReference; lastKnownFileType = sourcecode.swift; path = WasmicTests.swift; sourceTree = "<group>"; };
		F2499E722620A58F00D6829A /* Info.plist */ = {isa = PBXFileReference; lastKnownFileType = text.plist.xml; path = Info.plist; sourceTree = "<group>"; };
		F2499E7E2620A83300D6829A /* WasmExecutorTests.swift */ = {isa = PBXFileReference; lastKnownFileType = sourcecode.swift; path = WasmExecutorTests.swift; sourceTree = "<group>"; };
		F2499E9D2620B40900D6829A /* libWasmicWasm.a */ = {isa = PBXFileReference; explicitFileType = archive.ar; includeInIndex = 0; path = libWasmicWasm.a; sourceTree = BUILT_PRODUCTS_DIR; };
		F2499E9F2620B40900D6829A /* WebAssembly.swift */ = {isa = PBXFileReference; lastKnownFileType = sourcecode.swift; path = WebAssembly.swift; sourceTree = "<group>"; };
		F2499EAB2620B43100D6829A /* WasmicWasmTests.xctest */ = {isa = PBXFileReference; explicitFileType = wrapper.cfbundle; includeInIndex = 0; path = WasmicWasmTests.xctest; sourceTree = BUILT_PRODUCTS_DIR; };
		F2499EAD2620B43100D6829A /* WasmicWasmTests.swift */ = {isa = PBXFileReference; lastKnownFileType = sourcecode.swift; path = WasmicWasmTests.swift; sourceTree = "<group>"; };
		F2499EAF2620B43100D6829A /* Info.plist */ = {isa = PBXFileReference; lastKnownFileType = text.plist.xml; path = Info.plist; sourceTree = "<group>"; };
		F2499EC62620B50500D6829A /* WatCompiler.swift */ = {isa = PBXFileReference; lastKnownFileType = sourcecode.swift; path = WatCompiler.swift; sourceTree = "<group>"; };
		F2499F052621304B00D6829A /* TextDocumentEngine.swift */ = {isa = PBXFileReference; lastKnownFileType = sourcecode.swift; path = TextDocumentEngine.swift; sourceTree = "<group>"; };
		F2499F0B262137A600D6829A /* WasmInvocationView.swift */ = {isa = PBXFileReference; lastKnownFileType = sourcecode.swift; path = WasmInvocationView.swift; sourceTree = "<group>"; };
		F2499F1126213A7B00D6829A /* InterfaceParser.swift */ = {isa = PBXFileReference; lastKnownFileType = sourcecode.swift; path = InterfaceParser.swift; sourceTree = "<group>"; };
		F2499F3026213BA400D6829A /* BinaryFormat.swift */ = {isa = PBXFileReference; lastKnownFileType = sourcecode.swift; path = BinaryFormat.swift; sourceTree = "<group>"; };
		F2499F3A26213BD500D6829A /* InputByteStream.swift */ = {isa = PBXFileReference; lastKnownFileType = sourcecode.swift; path = InputByteStream.swift; sourceTree = "<group>"; };
		F2499F4026213BF500D6829A /* Sections.swift */ = {isa = PBXFileReference; lastKnownFileType = sourcecode.swift; path = Sections.swift; sourceTree = "<group>"; };
		F2499F4626213C2500D6829A /* LEB128.swift */ = {isa = PBXFileReference; lastKnownFileType = sourcecode.swift; path = LEB128.swift; sourceTree = "<group>"; };
		F2499F5A2621696800D6829A /* WasmicBrand.swift */ = {isa = PBXFileReference; lastKnownFileType = sourcecode.swift; path = WasmicBrand.swift; sourceTree = "<group>"; };
		F2499FC62621A15E00D6829A /* en */ = {isa = PBXFileReference; lastKnownFileType = text.plist.strings; name = en; path = en.lproj/Localizable.strings; sourceTree = "<group>"; };
		F2499FCC2621A17F00D6829A /* ja */ = {isa = PBXFileReference; lastKnownFileType = text.plist.strings; name = ja; path = ja.lproj/Localizable.strings; sourceTree = "<group>"; };
		F2499FEF2621B9CE00D6829A /* Intents.intentdefinition */ = {isa = PBXFileReference; lastKnownFileType = file.intentdefinition; path = Intents.intentdefinition; sourceTree = "<group>"; };
		F249A05F2621C3B200D6829A /* WasmicDebug.entitlements */ = {isa = PBXFileReference; lastKnownFileType = text.plist.entitlements; path = WasmicDebug.entitlements; sourceTree = "<group>"; };
		F249A0682621C42900D6829A /* WasmicIntents.appex */ = {isa = PBXFileReference; explicitFileType = "wrapper.app-extension"; includeInIndex = 0; path = WasmicIntents.appex; sourceTree = BUILT_PRODUCTS_DIR; };
		F249A0692621C42900D6829A /* Intents.framework */ = {isa = PBXFileReference; lastKnownFileType = wrapper.framework; name = Intents.framework; path = System/Library/Frameworks/Intents.framework; sourceTree = SDKROOT; };
		F249A06C2621C42900D6829A /* IntentHandler.swift */ = {isa = PBXFileReference; lastKnownFileType = sourcecode.swift; path = IntentHandler.swift; sourceTree = "<group>"; };
		F249A06E2621C42900D6829A /* Info.plist */ = {isa = PBXFileReference; lastKnownFileType = text.plist.xml; path = Info.plist; sourceTree = "<group>"; };
		F249A0B92621C90600D6829A /* WasmicKit.framework */ = {isa = PBXFileReference; explicitFileType = wrapper.framework; includeInIndex = 0; path = WasmicKit.framework; sourceTree = BUILT_PRODUCTS_DIR; };
		F249A0BB2621C90600D6829A /* WasmicKit.h */ = {isa = PBXFileReference; lastKnownFileType = sourcecode.c.h; path = WasmicKit.h; sourceTree = "<group>"; };
		F249A0BC2621C90600D6829A /* Info.plist */ = {isa = PBXFileReference; lastKnownFileType = text.plist.xml; path = Info.plist; sourceTree = "<group>"; };
		F249A1472621CB9900D6829A /* WasmicKit.swift */ = {isa = PBXFileReference; lastKnownFileType = sourcecode.swift; path = WasmicKit.swift; sourceTree = "<group>"; };
		F249A19D2621CEB300D6829A /* RunWasmFileIntentHandler.swift */ = {isa = PBXFileReference; lastKnownFileType = sourcecode.swift; path = RunWasmFileIntentHandler.swift; sourceTree = "<group>"; };
		F249A2CA2622969400D6829A /* ShortcutsStorage.swift */ = {isa = PBXFileReference; lastKnownFileType = sourcecode.swift; path = ShortcutsStorage.swift; sourceTree = "<group>"; };
		F249A2DC26229C4100D6829A /* ShortcutsNote.swift */ = {isa = PBXFileReference; lastKnownFileType = sourcecode.swift; path = ShortcutsNote.swift; sourceTree = "<group>"; };
		F249A2EA2622A07A00D6829A /* PrimaryButton.swift */ = {isa = PBXFileReference; lastKnownFileType = sourcecode.swift; path = PrimaryButton.swift; sourceTree = "<group>"; };
		F249A2F72622A6CF00D6829A /* Assets.xcassets */ = {isa = PBXFileReference; lastKnownFileType = folder.assetcatalog; path = Assets.xcassets; sourceTree = "<group>"; };
		F249A2FF2622AE2600D6829A /* WelcomeNote.swift */ = {isa = PBXFileReference; lastKnownFileType = sourcecode.swift; path = WelcomeNote.swift; sourceTree = "<group>"; };
		F249A3072622B44500D6829A /* PersistentState.swift */ = {isa = PBXFileReference; lastKnownFileType = sourcecode.swift; path = PersistentState.swift; sourceTree = "<group>"; };
		F249A3102622B7C100D6829A /* WasmicIntentsDebug.entitlements */ = {isa = PBXFileReference; lastKnownFileType = text.plist.entitlements; path = WasmicIntentsDebug.entitlements; sourceTree = "<group>"; };
		F249A3312622DC1F00D6829A /* libCWasmicWASI.a */ = {isa = PBXFileReference; explicitFileType = archive.ar; includeInIndex = 0; path = libCWasmicWASI.a; sourceTree = BUILT_PRODUCTS_DIR; };
		F249A3442622DC5200D6829A /* wasi_api.h */ = {isa = PBXFileReference; lastKnownFileType = sourcecode.c.h; path = wasi_api.h; sourceTree = "<group>"; };
		F249A3452622DC5200D6829A /* wasi_api.c */ = {isa = PBXFileReference; lastKnownFileType = sourcecode.c.c; path = wasi_api.c; sourceTree = "<group>"; };
		F249A38E2622E4A700D6829A /* module.modulemap */ = {isa = PBXFileReference; lastKnownFileType = "sourcecode.module-map"; path = module.modulemap; sourceTree = "<group>"; };
		F2519981261F26520037DA79 /* ContentView.swift */ = {isa = PBXFileReference; lastKnownFileType = sourcecode.swift; path = ContentView.swift; sourceTree = "<group>"; };
		F2519982261F26530037DA79 /* Assets.xcassets */ = {isa = PBXFileReference; lastKnownFileType = folder.assetcatalog; path = Assets.xcassets; sourceTree = "<group>"; };
		F2519987261F26530037DA79 /* Wasmic.app */ = {isa = PBXFileReference; explicitFileType = wrapper.application; includeInIndex = 0; path = Wasmic.app; sourceTree = BUILT_PRODUCTS_DIR; };
		F251998A261F26530037DA79 /* Info.plist */ = {isa = PBXFileReference; lastKnownFileType = text.plist.xml; path = Info.plist; sourceTree = "<group>"; };
/* End PBXFileReference section */

/* Begin PBXFrameworksBuildPhase section */
		F2499E6B2620A58F00D6829A /* Frameworks */ = {
			isa = PBXFrameworksBuildPhase;
			buildActionMask = 2147483647;
			files = (
			);
			runOnlyForDeploymentPostprocessing = 0;
		};
		F2499E9A2620B40900D6829A /* Frameworks */ = {
			isa = PBXFrameworksBuildPhase;
			buildActionMask = 2147483647;
			files = (
				F2499ED82620B59600D6829A /* wabt.xcframework in Frameworks */,
				F2499ED92620B59600D6829A /* wasm3.xcframework in Frameworks */,
			);
			runOnlyForDeploymentPostprocessing = 0;
		};
		F2499EA82620B43100D6829A /* Frameworks */ = {
			isa = PBXFrameworksBuildPhase;
			buildActionMask = 2147483647;
			files = (
				F2499EEF2620B6C400D6829A /* wabt.xcframework in Frameworks */,
				F2499EF02620B6C400D6829A /* wasm3.xcframework in Frameworks */,
				F2499EB02620B43100D6829A /* libWasmicWasm.a in Frameworks */,
			);
			runOnlyForDeploymentPostprocessing = 0;
		};
		F249A0652621C42900D6829A /* Frameworks */ = {
			isa = PBXFrameworksBuildPhase;
			buildActionMask = 2147483647;
			files = (
				F249A13C2621CB2600D6829A /* WasmicKit.framework in Frameworks */,
				F249A06A2621C42900D6829A /* Intents.framework in Frameworks */,
			);
			runOnlyForDeploymentPostprocessing = 0;
		};
		F249A0B62621C90600D6829A /* Frameworks */ = {
			isa = PBXFrameworksBuildPhase;
			buildActionMask = 2147483647;
			files = (
				F249A36F2622DD4500D6829A /* libCWasmicWASI.a in Frameworks */,
				F249A18D2621CE3500D6829A /* wabt.xcframework in Frameworks */,
				F249A10C2621CA3C00D6829A /* libWasmicWasm.a in Frameworks */,
			);
			runOnlyForDeploymentPostprocessing = 0;
		};
		F249A32E2622DC1F00D6829A /* Frameworks */ = {
			isa = PBXFrameworksBuildPhase;
			buildActionMask = 2147483647;
			files = (
			);
			runOnlyForDeploymentPostprocessing = 0;
		};
		F2519984261F26530037DA79 /* Frameworks */ = {
			isa = PBXFrameworksBuildPhase;
			buildActionMask = 2147483647;
			files = (
				F249A0C02621C90600D6829A /* WasmicKit.framework in Frameworks */,
				F2499FA026218F4A00D6829A /* Highlightr in Frameworks */,
			);
			runOnlyForDeploymentPostprocessing = 0;
		};
/* End PBXFrameworksBuildPhase section */

/* Begin PBXGroup section */
		F2499D8F261F466C00D6829A /* Frameworks */ = {
			isa = PBXGroup;
			children = (
				F2499E0426202F9600D6829A /* wabt.xcframework */,
				F2499D90261F466C00D6829A /* wasm3.xcframework */,
				F249A0692621C42900D6829A /* Intents.framework */,
			);
			name = Frameworks;
			sourceTree = "<group>";
		};
		F2499DF62620261100D6829A /* Scenes */ = {
			isa = PBXGroup;
			children = (
				F249A2DB26229BFA00D6829A /* Notes */,
				F249A2B826228F4300D6829A /* Browser */,
				F2499E5D2620584E00D6829A /* Execution */,
				F2499DF72620261A00D6829A /* Document */,
			);
			path = Scenes;
			sourceTree = "<group>";
		};
		F2499DF72620261A00D6829A /* Document */ = {
			isa = PBXGroup;
			children = (
				F2499DED261FDFBD00D6829A /* TextDocumentViewController.swift */,
				F2499F052621304B00D6829A /* TextDocumentEngine.swift */,
			);
			path = Document;
			sourceTree = "<group>";
		};
		F2499DFB2620291600D6829A /* DocumentTypes */ = {
			isa = PBXGroup;
			children = (
				F2499DEA261F5BED00D6829A /* TextDocument.swift */,
				F2499DFD2620293300D6829A /* WatDocument.swift */,
			);
			path = DocumentTypes;
			sourceTree = "<group>";
		};
		F2499E5D2620584E00D6829A /* Execution */ = {
			isa = PBXGroup;
			children = (
				F2499E5E2620587500D6829A /* WasmExecutionView.swift */,
				F2499F0B262137A600D6829A /* WasmInvocationView.swift */,
			);
			path = Execution;
			sourceTree = "<group>";
		};
		F2499E6F2620A58F00D6829A /* WasmicTests */ = {
			isa = PBXGroup;
			children = (
				F2499E702620A58F00D6829A /* WasmicTests.swift */,
				F2499E822620A83800D6829A /* Scenes */,
				F2499E722620A58F00D6829A /* Info.plist */,
			);
			path = WasmicTests;
			sourceTree = "<group>";
		};
		F2499E822620A83800D6829A /* Scenes */ = {
			isa = PBXGroup;
			children = (
				F2499E832620A83F00D6829A /* Execution */,
			);
			path = Scenes;
			sourceTree = "<group>";
		};
		F2499E832620A83F00D6829A /* Execution */ = {
			isa = PBXGroup;
			children = (
				F2499E7E2620A83300D6829A /* WasmExecutorTests.swift */,
			);
			path = Execution;
			sourceTree = "<group>";
		};
		F2499E972620B3AD00D6829A /* Sources */ = {
			isa = PBXGroup;
			children = (
				F249A3322622DC2000D6829A /* CWasmicWASI */,
				F2499E9E2620B40900D6829A /* WasmicWasm */,
				F251997F261F26520037DA79 /* Shared */,
				F249A06B2621C42900D6829A /* WasmicIntents */,
				F249A0BA2621C90600D6829A /* WasmicKit */,
				F2519989261F26530037DA79 /* iOS */,
			);
			path = Sources;
			sourceTree = "<group>";
		};
		F2499E982620B3B900D6829A /* Tests */ = {
			isa = PBXGroup;
			children = (
				F2499EAC2620B43100D6829A /* WasmicWasmTests */,
				F2499E6F2620A58F00D6829A /* WasmicTests */,
			);
			path = Tests;
			sourceTree = "<group>";
		};
		F2499E9E2620B40900D6829A /* WasmicWasm */ = {
			isa = PBXGroup;
			children = (
				F2499E9F2620B40900D6829A /* WebAssembly.swift */,
				F2499EC62620B50500D6829A /* WatCompiler.swift */,
				F2499F1126213A7B00D6829A /* InterfaceParser.swift */,
				F2499F2F26213B7D00D6829A /* BinaryParser */,
			);
			path = WasmicWasm;
			sourceTree = "<group>";
		};
		F2499EAC2620B43100D6829A /* WasmicWasmTests */ = {
			isa = PBXGroup;
			children = (
				F2499EAD2620B43100D6829A /* WasmicWasmTests.swift */,
				F2499EAF2620B43100D6829A /* Info.plist */,
			);
			path = WasmicWasmTests;
			sourceTree = "<group>";
		};
		F2499F2F26213B7D00D6829A /* BinaryParser */ = {
			isa = PBXGroup;
			children = (
				F2499F3026213BA400D6829A /* BinaryFormat.swift */,
				F2499F3A26213BD500D6829A /* InputByteStream.swift */,
				F2499F4026213BF500D6829A /* Sections.swift */,
				F2499F4626213C2500D6829A /* LEB128.swift */,
			);
			path = BinaryParser;
			sourceTree = "<group>";
		};
		F249A06B2621C42900D6829A /* WasmicIntents */ = {
			isa = PBXGroup;
			children = (
				F249A06C2621C42900D6829A /* IntentHandler.swift */,
				F249A19D2621CEB300D6829A /* RunWasmFileIntentHandler.swift */,
				F249A06E2621C42900D6829A /* Info.plist */,
				F249A3102622B7C100D6829A /* WasmicIntentsDebug.entitlements */,
			);
			path = WasmicIntents;
			sourceTree = "<group>";
		};
		F249A0BA2621C90600D6829A /* WasmicKit */ = {
			isa = PBXGroup;
			children = (
				F2499FEF2621B9CE00D6829A /* Intents.intentdefinition */,
				F249A1472621CB9900D6829A /* WasmicKit.swift */,
				F249A2CA2622969400D6829A /* ShortcutsStorage.swift */,
				F249A0BB2621C90600D6829A /* WasmicKit.h */,
				F249A0BC2621C90600D6829A /* Info.plist */,
			);
			path = WasmicKit;
			sourceTree = "<group>";
		};
		F249A2B826228F4300D6829A /* Browser */ = {
			isa = PBXGroup;
			children = (
				F2499DE4261F5B9500D6829A /* DocumentBrowserViewController.swift */,
			);
			path = Browser;
			sourceTree = "<group>";
		};
		F249A2DB26229BFA00D6829A /* Notes */ = {
			isa = PBXGroup;
			children = (
				F249A2DC26229C4100D6829A /* ShortcutsNote.swift */,
				F249A2FF2622AE2600D6829A /* WelcomeNote.swift */,
			);
			path = Notes;
			sourceTree = "<group>";
		};
		F249A2E92622A07000D6829A /* Components */ = {
			isa = PBXGroup;
			children = (
				F249A2EA2622A07A00D6829A /* PrimaryButton.swift */,
			);
			path = Components;
			sourceTree = "<group>";
		};
		F249A3322622DC2000D6829A /* CWasmicWASI */ = {
			isa = PBXGroup;
			children = (
				F249A3952622E4FB00D6829A /* include */,
				F249A3452622DC5200D6829A /* wasi_api.c */,
			);
			path = CWasmicWASI;
			sourceTree = "<group>";
		};
		F249A3952622E4FB00D6829A /* include */ = {
			isa = PBXGroup;
			children = (
				F249A38E2622E4A700D6829A /* module.modulemap */,
				F249A3442622DC5200D6829A /* wasi_api.h */,
			);
			path = include;
			sourceTree = "<group>";
		};
		F251997A261F26520037DA79 = {
			isa = PBXGroup;
			children = (
				F2499E972620B3AD00D6829A /* Sources */,
				F2499E982620B3B900D6829A /* Tests */,
				F2519988261F26530037DA79 /* Products */,
				F2499D8F261F466C00D6829A /* Frameworks */,
			);
			sourceTree = "<group>";
		};
		F251997F261F26520037DA79 /* Shared */ = {
			isa = PBXGroup;
			children = (
				F2519981261F26520037DA79 /* ContentView.swift */,
				F2519982261F26530037DA79 /* Assets.xcassets */,
			);
			path = Shared;
			sourceTree = "<group>";
		};
		F2519988261F26530037DA79 /* Products */ = {
			isa = PBXGroup;
			children = (
				F2519987261F26530037DA79 /* Wasmic.app */,
				F2499E6E2620A58F00D6829A /* WasmicTests.xctest */,
				F2499E9D2620B40900D6829A /* libWasmicWasm.a */,
				F2499EAB2620B43100D6829A /* WasmicWasmTests.xctest */,
				F249A0682621C42900D6829A /* WasmicIntents.appex */,
				F249A0B92621C90600D6829A /* WasmicKit.framework */,
				F249A3312622DC1F00D6829A /* libCWasmicWASI.a */,
			);
			name = Products;
			sourceTree = "<group>";
		};
		F2519989261F26530037DA79 /* iOS */ = {
			isa = PBXGroup;
			children = (
				F249A05F2621C3B200D6829A /* WasmicDebug.entitlements */,
				F251998A261F26530037DA79 /* Info.plist */,
				F2499D9E261F4BB400D6829A /* AppDelegate.swift */,
				F2499DBE261F4ED400D6829A /* SceneDelegate.swift */,
				F2499F5A2621696800D6829A /* WasmicBrand.swift */,
				F249A3072622B44500D6829A /* PersistentState.swift */,
				F2499FC72621A15E00D6829A /* Localizable.strings */,
				F2499DF62620261100D6829A /* Scenes */,
				F2499DFB2620291600D6829A /* DocumentTypes */,
				F2499DF02620160800D6829A /* KeyboardLayoutObserver.swift */,
				F249A2F72622A6CF00D6829A /* Assets.xcassets */,
				F249A2E92622A07000D6829A /* Components */,
			);
			path = iOS;
			sourceTree = "<group>";
		};
/* End PBXGroup section */

/* Begin PBXHeadersBuildPhase section */
		F249A0B42621C90600D6829A /* Headers */ = {
			isa = PBXHeadersBuildPhase;
			buildActionMask = 2147483647;
			files = (
				F249A0BD2621C90600D6829A /* WasmicKit.h in Headers */,
				F249A3462622DC5200D6829A /* wasi_api.h in Headers */,
			);
			runOnlyForDeploymentPostprocessing = 0;
		};
		F249A39C2622E56600D6829A /* Headers */ = {
			isa = PBXHeadersBuildPhase;
			buildActionMask = 2147483647;
			files = (
				F249A39D2622E57300D6829A /* module.modulemap in Headers */,
				F249A39E2622E57300D6829A /* wasi_api.h in Headers */,
			);
			runOnlyForDeploymentPostprocessing = 0;
		};
/* End PBXHeadersBuildPhase section */

/* Begin PBXNativeTarget section */
		F2499E6D2620A58F00D6829A /* WasmicTests */ = {
			isa = PBXNativeTarget;
			buildConfigurationList = F2499E752620A58F00D6829A /* Build configuration list for PBXNativeTarget "WasmicTests" */;
			buildPhases = (
				F2499E6A2620A58F00D6829A /* Sources */,
				F2499E6B2620A58F00D6829A /* Frameworks */,
				F2499E6C2620A58F00D6829A /* Resources */,
			);
			buildRules = (
			);
			dependencies = (
				F2499E742620A58F00D6829A /* PBXTargetDependency */,
			);
			name = WasmicTests;
			productName = WasmicTests;
			productReference = F2499E6E2620A58F00D6829A /* WasmicTests.xctest */;
			productType = "com.apple.product-type.bundle.unit-test";
		};
		F2499E9C2620B40900D6829A /* WasmicWasm */ = {
			isa = PBXNativeTarget;
			buildConfigurationList = F2499EA12620B40900D6829A /* Build configuration list for PBXNativeTarget "WasmicWasm" */;
			buildPhases = (
				F2499E992620B40900D6829A /* Sources */,
				F2499E9A2620B40900D6829A /* Frameworks */,
				F2499E9B2620B40900D6829A /* CopyFiles */,
			);
			buildRules = (
			);
			dependencies = (
			);
			name = WasmicWasm;
			packageProductDependencies = (
			);
			productName = WasmicWasm;
			productReference = F2499E9D2620B40900D6829A /* libWasmicWasm.a */;
			productType = "com.apple.product-type.library.static";
		};
		F2499EAA2620B43100D6829A /* WasmicWasmTests */ = {
			isa = PBXNativeTarget;
			buildConfigurationList = F2499EB32620B43100D6829A /* Build configuration list for PBXNativeTarget "WasmicWasmTests" */;
			buildPhases = (
				F2499EA72620B43100D6829A /* Sources */,
				F2499EA82620B43100D6829A /* Frameworks */,
				F2499EA92620B43100D6829A /* Resources */,
			);
			buildRules = (
			);
			dependencies = (
				F2499EB22620B43100D6829A /* PBXTargetDependency */,
			);
			name = WasmicWasmTests;
			productName = WasmicWasmTests;
			productReference = F2499EAB2620B43100D6829A /* WasmicWasmTests.xctest */;
			productType = "com.apple.product-type.bundle.unit-test";
		};
		F249A0672621C42900D6829A /* WasmicIntents */ = {
			isa = PBXNativeTarget;
			buildConfigurationList = F249A0722621C42900D6829A /* Build configuration list for PBXNativeTarget "WasmicIntents" */;
			buildPhases = (
				F249A0642621C42900D6829A /* Sources */,
				F249A0652621C42900D6829A /* Frameworks */,
				F249A0662621C42900D6829A /* Resources */,
			);
			buildRules = (
			);
			dependencies = (
				F249A1362621CB1D00D6829A /* PBXTargetDependency */,
			);
			name = WasmicIntents;
			productName = WasmicIntents;
			productReference = F249A0682621C42900D6829A /* WasmicIntents.appex */;
			productType = "com.apple.product-type.app-extension";
		};
		F249A0B82621C90600D6829A /* WasmicKit */ = {
			isa = PBXNativeTarget;
			buildConfigurationList = F249A0C32621C90600D6829A /* Build configuration list for PBXNativeTarget "WasmicKit" */;
			buildPhases = (
				F249A0B42621C90600D6829A /* Headers */,
				F249A0B52621C90600D6829A /* Sources */,
				F249A0B62621C90600D6829A /* Frameworks */,
				F249A0B72621C90600D6829A /* Resources */,
			);
			buildRules = (
			);
			dependencies = (
				F249A0FC2621CA1800D6829A /* PBXTargetDependency */,
			);
			name = WasmicKit;
			productName = WasmicKit;
			productReference = F249A0B92621C90600D6829A /* WasmicKit.framework */;
			productType = "com.apple.product-type.framework";
		};
		F249A3302622DC1F00D6829A /* CWasmicWASI */ = {
			isa = PBXNativeTarget;
			buildConfigurationList = F249A3352622DC2000D6829A /* Build configuration list for PBXNativeTarget "CWasmicWASI" */;
			buildPhases = (
				F249A39C2622E56600D6829A /* Headers */,
				F249A32D2622DC1F00D6829A /* Sources */,
				F249A32E2622DC1F00D6829A /* Frameworks */,
				F249A32F2622DC1F00D6829A /* CopyFiles */,
			);
			buildRules = (
			);
			dependencies = (
			);
			name = CWasmicWASI;
			productName = CWasmicWASI;
			productReference = F249A3312622DC1F00D6829A /* libCWasmicWASI.a */;
			productType = "com.apple.product-type.library.static";
		};
		F2519986261F26530037DA79 /* Wasmic */ = {
			isa = PBXNativeTarget;
			buildConfigurationList = F25199B1261F26530037DA79 /* Build configuration list for PBXNativeTarget "Wasmic" */;
			buildPhases = (
				F2519983261F26530037DA79 /* Sources */,
				F2519984261F26530037DA79 /* Frameworks */,
				F2519985261F26530037DA79 /* Resources */,
				F249A0752621C42900D6829A /* Embed App Extensions */,
				F249A0C12621C90600D6829A /* Embed Frameworks */,
			);
			buildRules = (
			);
			dependencies = (
				F249A0702621C42900D6829A /* PBXTargetDependency */,
				F249A0BF2621C90600D6829A /* PBXTargetDependency */,
			);
			name = Wasmic;
			packageProductDependencies = (
				F2499F9F26218F4A00D6829A /* Highlightr */,
			);
			productName = "Wasmic (iOS)";
			productReference = F2519987261F26530037DA79 /* Wasmic.app */;
			productType = "com.apple.product-type.application";
		};
/* End PBXNativeTarget section */

/* Begin PBXProject section */
		F251997B261F26520037DA79 /* Project object */ = {
			isa = PBXProject;
			attributes = {
				LastSwiftUpdateCheck = 1230;
				LastUpgradeCheck = 1240;
				TargetAttributes = {
					F2499E6D2620A58F00D6829A = {
						CreatedOnToolsVersion = 12.3;
						TestTargetID = F2519986261F26530037DA79;
					};
					F2499E9C2620B40900D6829A = {
						CreatedOnToolsVersion = 12.3;
					};
					F2499EAA2620B43100D6829A = {
						CreatedOnToolsVersion = 12.3;
					};
					F249A0672621C42900D6829A = {
						CreatedOnToolsVersion = 12.3;
					};
					F249A0B82621C90600D6829A = {
						CreatedOnToolsVersion = 12.3;
						LastSwiftMigration = 1230;
					};
					F249A3302622DC1F00D6829A = {
						CreatedOnToolsVersion = 12.3;
					};
					F2519986261F26530037DA79 = {
						CreatedOnToolsVersion = 12.4;
						LastSwiftMigration = 1230;
					};
				};
			};
			buildConfigurationList = F251997E261F26520037DA79 /* Build configuration list for PBXProject "Wasmic" */;
			compatibilityVersion = "Xcode 9.3";
			developmentRegion = en;
			hasScannedForEncodings = 0;
			knownRegions = (
				en,
				Base,
				ja,
			);
			mainGroup = F251997A261F26520037DA79;
			packageReferences = (
				F2499F9E26218F4A00D6829A /* XCRemoteSwiftPackageReference "Highlightr" */,
			);
			productRefGroup = F2519988261F26530037DA79 /* Products */;
			projectDirPath = "";
			projectRoot = "";
			targets = (
				F2519986261F26530037DA79 /* Wasmic */,
				F2499E6D2620A58F00D6829A /* WasmicTests */,
				F2499E9C2620B40900D6829A /* WasmicWasm */,
				F2499EAA2620B43100D6829A /* WasmicWasmTests */,
				F249A0672621C42900D6829A /* WasmicIntents */,
				F249A0B82621C90600D6829A /* WasmicKit */,
				F249A3302622DC1F00D6829A /* CWasmicWASI */,
			);
		};
/* End PBXProject section */

/* Begin PBXResourcesBuildPhase section */
		F2499E6C2620A58F00D6829A /* Resources */ = {
			isa = PBXResourcesBuildPhase;
			buildActionMask = 2147483647;
			files = (
			);
			runOnlyForDeploymentPostprocessing = 0;
		};
		F2499EA92620B43100D6829A /* Resources */ = {
			isa = PBXResourcesBuildPhase;
			buildActionMask = 2147483647;
			files = (
			);
			runOnlyForDeploymentPostprocessing = 0;
		};
		F249A0662621C42900D6829A /* Resources */ = {
			isa = PBXResourcesBuildPhase;
			buildActionMask = 2147483647;
			files = (
			);
			runOnlyForDeploymentPostprocessing = 0;
		};
		F249A0B72621C90600D6829A /* Resources */ = {
			isa = PBXResourcesBuildPhase;
			buildActionMask = 2147483647;
			files = (
				F249A2F92622A6CF00D6829A /* Assets.xcassets in Resources */,
			);
			runOnlyForDeploymentPostprocessing = 0;
		};
		F2519985261F26530037DA79 /* Resources */ = {
			isa = PBXResourcesBuildPhase;
			buildActionMask = 2147483647;
			files = (
				F249A1BE2621D7E800D6829A /* Intents.intentdefinition in Resources */,
				F25199AD261F26530037DA79 /* Assets.xcassets in Resources */,
				F249A2F82622A6CF00D6829A /* Assets.xcassets in Resources */,
				F2499FC52621A15E00D6829A /* Localizable.strings in Resources */,
			);
			runOnlyForDeploymentPostprocessing = 0;
		};
/* End PBXResourcesBuildPhase section */

/* Begin PBXSourcesBuildPhase section */
		F2499E6A2620A58F00D6829A /* Sources */ = {
			isa = PBXSourcesBuildPhase;
			buildActionMask = 2147483647;
			files = (
				F2499E7F2620A83300D6829A /* WasmExecutorTests.swift in Sources */,
				F2499E712620A58F00D6829A /* WasmicTests.swift in Sources */,
			);
			runOnlyForDeploymentPostprocessing = 0;
		};
		F2499E992620B40900D6829A /* Sources */ = {
			isa = PBXSourcesBuildPhase;
			buildActionMask = 2147483647;
			files = (
				F2499F3B26213BD500D6829A /* InputByteStream.swift in Sources */,
				F2499F4726213C2500D6829A /* LEB128.swift in Sources */,
				F2499F4126213BF500D6829A /* Sections.swift in Sources */,
				F2499EA02620B40900D6829A /* WebAssembly.swift in Sources */,
				F2499EC72620B50500D6829A /* WatCompiler.swift in Sources */,
				F2499F1726213A8000D6829A /* InterfaceParser.swift in Sources */,
				F2499F3126213BA400D6829A /* BinaryFormat.swift in Sources */,
			);
			runOnlyForDeploymentPostprocessing = 0;
		};
		F2499EA72620B43100D6829A /* Sources */ = {
			isa = PBXSourcesBuildPhase;
			buildActionMask = 2147483647;
			files = (
				F2499EAE2620B43100D6829A /* WasmicWasmTests.swift in Sources */,
			);
			runOnlyForDeploymentPostprocessing = 0;
		};
		F249A0642621C42900D6829A /* Sources */ = {
			isa = PBXSourcesBuildPhase;
			buildActionMask = 2147483647;
			files = (
				F249A19E2621CEB300D6829A /* RunWasmFileIntentHandler.swift in Sources */,
				F249A06D2621C42900D6829A /* IntentHandler.swift in Sources */,
			);
			runOnlyForDeploymentPostprocessing = 0;
		};
		F249A0B52621C90600D6829A /* Sources */ = {
			isa = PBXSourcesBuildPhase;
			buildActionMask = 2147483647;
			files = (
				F249A2CB2622969400D6829A /* ShortcutsStorage.swift in Sources */,
				F249A1482621CB9900D6829A /* WasmicKit.swift in Sources */,
				F249A2EC2622A07A00D6829A /* PrimaryButton.swift in Sources */,
				F249A0DF2621C93000D6829A /* Intents.intentdefinition in Sources */,
				F249A3092622B44500D6829A /* PersistentState.swift in Sources */,
				F249A3012622AE2600D6829A /* WelcomeNote.swift in Sources */,
				F249A2DE26229C4100D6829A /* ShortcutsNote.swift in Sources */,
			);
			runOnlyForDeploymentPostprocessing = 0;
		};
		F249A32D2622DC1F00D6829A /* Sources */ = {
			isa = PBXSourcesBuildPhase;
			buildActionMask = 2147483647;
			files = (
				F249A35B2622DC5800D6829A /* wasi_api.c in Sources */,
			);
			runOnlyForDeploymentPostprocessing = 0;
		};
		F2519983261F26530037DA79 /* Sources */ = {
			isa = PBXSourcesBuildPhase;
			buildActionMask = 2147483647;
			files = (
				F2499F0C262137A600D6829A /* WasmInvocationView.swift in Sources */,
				F2499DE5261F5B9500D6829A /* DocumentBrowserViewController.swift in Sources */,
				F249A3082622B44500D6829A /* PersistentState.swift in Sources */,
				F2499D9F261F4BB400D6829A /* AppDelegate.swift in Sources */,
				F249A2DD26229C4100D6829A /* ShortcutsNote.swift in Sources */,
				F249A2EB2622A07A00D6829A /* PrimaryButton.swift in Sources */,
				F2499DEE261FDFBD00D6829A /* TextDocumentViewController.swift in Sources */,
				F2499F062621304B00D6829A /* TextDocumentEngine.swift in Sources */,
				F249A3002622AE2600D6829A /* WelcomeNote.swift in Sources */,
				F2499E5F2620587500D6829A /* WasmExecutionView.swift in Sources */,
				F2499DEB261F5BED00D6829A /* TextDocument.swift in Sources */,
				F2499F5B2621696800D6829A /* WasmicBrand.swift in Sources */,
				F2499DF12620160800D6829A /* KeyboardLayoutObserver.swift in Sources */,
				F25199AB261F26530037DA79 /* ContentView.swift in Sources */,
				F2499DBF261F4ED400D6829A /* SceneDelegate.swift in Sources */,
				F2499DFE2620293300D6829A /* WatDocument.swift in Sources */,
			);
			runOnlyForDeploymentPostprocessing = 0;
		};
/* End PBXSourcesBuildPhase section */

/* Begin PBXTargetDependency section */
		F2499E742620A58F00D6829A /* PBXTargetDependency */ = {
			isa = PBXTargetDependency;
			target = F2519986261F26530037DA79 /* Wasmic */;
			targetProxy = F2499E732620A58F00D6829A /* PBXContainerItemProxy */;
		};
		F2499EB22620B43100D6829A /* PBXTargetDependency */ = {
			isa = PBXTargetDependency;
			target = F2499E9C2620B40900D6829A /* WasmicWasm */;
			targetProxy = F2499EB12620B43100D6829A /* PBXContainerItemProxy */;
		};
		F249A0702621C42900D6829A /* PBXTargetDependency */ = {
			isa = PBXTargetDependency;
			target = F249A0672621C42900D6829A /* WasmicIntents */;
			targetProxy = F249A06F2621C42900D6829A /* PBXContainerItemProxy */;
		};
		F249A0BF2621C90600D6829A /* PBXTargetDependency */ = {
			isa = PBXTargetDependency;
			target = F249A0B82621C90600D6829A /* WasmicKit */;
			targetProxy = F249A0BE2621C90600D6829A /* PBXContainerItemProxy */;
		};
		F249A0FC2621CA1800D6829A /* PBXTargetDependency */ = {
			isa = PBXTargetDependency;
			target = F2499E9C2620B40900D6829A /* WasmicWasm */;
			targetProxy = F249A0FB2621CA1800D6829A /* PBXContainerItemProxy */;
		};
		F249A1362621CB1D00D6829A /* PBXTargetDependency */ = {
			isa = PBXTargetDependency;
			target = F249A0B82621C90600D6829A /* WasmicKit */;
			targetProxy = F249A1352621CB1D00D6829A /* PBXContainerItemProxy */;
		};
/* End PBXTargetDependency section */

/* Begin PBXVariantGroup section */
		F2499FC72621A15E00D6829A /* Localizable.strings */ = {
			isa = PBXVariantGroup;
			children = (
				F2499FC62621A15E00D6829A /* en */,
				F2499FCC2621A17F00D6829A /* ja */,
			);
			name = Localizable.strings;
			sourceTree = "<group>";
		};
/* End PBXVariantGroup section */

/* Begin XCBuildConfiguration section */
		F2499E762620A58F00D6829A /* Debug */ = {
			isa = XCBuildConfiguration;
			buildSettings = {
				BUNDLE_LOADER = "$(TEST_HOST)";
				CODE_SIGN_STYLE = Automatic;
				DEVELOPMENT_TEAM = K677BRB35L;
				INFOPLIST_FILE = Tests/WasmicTests/Info.plist;
				IPHONEOS_DEPLOYMENT_TARGET = 14.3;
				LD_RUNPATH_SEARCH_PATHS = (
					"$(inherited)",
					"@executable_path/Frameworks",
					"@loader_path/Frameworks",
				);
				PRODUCT_BUNDLE_IDENTIFIER = dev.katei.WasmicTests;
				PRODUCT_NAME = "$(TARGET_NAME)";
				SDKROOT = iphoneos;
				SWIFT_VERSION = 5.0;
				TARGETED_DEVICE_FAMILY = "1,2";
				TEST_HOST = "$(BUILT_PRODUCTS_DIR)/Wasmic.app/Wasmic";
			};
			name = Debug;
		};
		F2499E772620A58F00D6829A /* Release */ = {
			isa = XCBuildConfiguration;
			buildSettings = {
				BUNDLE_LOADER = "$(TEST_HOST)";
				CODE_SIGN_STYLE = Automatic;
				DEVELOPMENT_TEAM = K677BRB35L;
				INFOPLIST_FILE = Tests/WasmicTests/Info.plist;
				IPHONEOS_DEPLOYMENT_TARGET = 14.3;
				LD_RUNPATH_SEARCH_PATHS = (
					"$(inherited)",
					"@executable_path/Frameworks",
					"@loader_path/Frameworks",
				);
				PRODUCT_BUNDLE_IDENTIFIER = dev.katei.WasmicTests;
				PRODUCT_NAME = "$(TARGET_NAME)";
				SDKROOT = iphoneos;
				SWIFT_VERSION = 5.0;
				TARGETED_DEVICE_FAMILY = "1,2";
				TEST_HOST = "$(BUILT_PRODUCTS_DIR)/Wasmic.app/Wasmic";
				VALIDATE_PRODUCT = YES;
			};
			name = Release;
		};
		F2499EA22620B40900D6829A /* Debug */ = {
			isa = XCBuildConfiguration;
			buildSettings = {
				CODE_SIGN_STYLE = Automatic;
				DEVELOPMENT_TEAM = K677BRB35L;
				OTHER_LDFLAGS = "-ObjC";
				PRODUCT_NAME = "$(TARGET_NAME)";
				SDKROOT = iphoneos;
				SKIP_INSTALL = YES;
				SWIFT_VERSION = 5.0;
				TARGETED_DEVICE_FAMILY = "1,2";
			};
			name = Debug;
		};
		F2499EA32620B40900D6829A /* Release */ = {
			isa = XCBuildConfiguration;
			buildSettings = {
				CODE_SIGN_STYLE = Automatic;
				DEVELOPMENT_TEAM = K677BRB35L;
				OTHER_LDFLAGS = "-ObjC";
				PRODUCT_NAME = "$(TARGET_NAME)";
				SDKROOT = iphoneos;
				SKIP_INSTALL = YES;
				SWIFT_VERSION = 5.0;
				TARGETED_DEVICE_FAMILY = "1,2";
				VALIDATE_PRODUCT = YES;
			};
			name = Release;
		};
		F2499EB42620B43100D6829A /* Debug */ = {
			isa = XCBuildConfiguration;
			buildSettings = {
				CODE_SIGN_STYLE = Automatic;
				DEVELOPMENT_TEAM = K677BRB35L;
				INFOPLIST_FILE = Tests/WasmicWasmTests/Info.plist;
				IPHONEOS_DEPLOYMENT_TARGET = 14.3;
				LD_RUNPATH_SEARCH_PATHS = (
					"$(inherited)",
					"@executable_path/Frameworks",
					"@loader_path/Frameworks",
				);
				PRODUCT_BUNDLE_IDENTIFIER = dev.katei.WasmicWasmTests;
				PRODUCT_NAME = "$(TARGET_NAME)";
				SDKROOT = iphoneos;
				SWIFT_VERSION = 5.0;
				TARGETED_DEVICE_FAMILY = "1,2";
			};
			name = Debug;
		};
		F2499EB52620B43100D6829A /* Release */ = {
			isa = XCBuildConfiguration;
			buildSettings = {
				CODE_SIGN_STYLE = Automatic;
				DEVELOPMENT_TEAM = K677BRB35L;
				INFOPLIST_FILE = Tests/WasmicWasmTests/Info.plist;
				IPHONEOS_DEPLOYMENT_TARGET = 14.3;
				LD_RUNPATH_SEARCH_PATHS = (
					"$(inherited)",
					"@executable_path/Frameworks",
					"@loader_path/Frameworks",
				);
				PRODUCT_BUNDLE_IDENTIFIER = dev.katei.WasmicWasmTests;
				PRODUCT_NAME = "$(TARGET_NAME)";
				SDKROOT = iphoneos;
				SWIFT_VERSION = 5.0;
				TARGETED_DEVICE_FAMILY = "1,2";
				VALIDATE_PRODUCT = YES;
			};
			name = Release;
		};
		F249A0732621C42900D6829A /* Debug */ = {
			isa = XCBuildConfiguration;
			buildSettings = {
				CODE_SIGN_ENTITLEMENTS = Sources/WasmicIntents/WasmicIntentsDebug.entitlements;
				CODE_SIGN_STYLE = Automatic;
				DEVELOPMENT_TEAM = K677BRB35L;
				INFOPLIST_FILE = Sources/WasmicIntents/Info.plist;
				LD_RUNPATH_SEARCH_PATHS = (
					"$(inherited)",
					"@executable_path/Frameworks",
					"@executable_path/../../Frameworks",
				);
				PRODUCT_BUNDLE_IDENTIFIER = dev.katei.wasmic.WasmicIntents;
				PRODUCT_NAME = "$(TARGET_NAME)";
				SDKROOT = iphoneos;
				SKIP_INSTALL = YES;
				SWIFT_VERSION = 5.0;
				TARGETED_DEVICE_FAMILY = "1,2";
			};
			name = Debug;
		};
		F249A0742621C42900D6829A /* Release */ = {
			isa = XCBuildConfiguration;
			buildSettings = {
				CODE_SIGN_STYLE = Automatic;
				DEVELOPMENT_TEAM = K677BRB35L;
				INFOPLIST_FILE = Sources/WasmicIntents/Info.plist;
				LD_RUNPATH_SEARCH_PATHS = (
					"$(inherited)",
					"@executable_path/Frameworks",
					"@executable_path/../../Frameworks",
				);
				PRODUCT_BUNDLE_IDENTIFIER = dev.katei.wasmic.WasmicIntents;
				PRODUCT_NAME = "$(TARGET_NAME)";
				SDKROOT = iphoneos;
				SKIP_INSTALL = YES;
				SWIFT_VERSION = 5.0;
				TARGETED_DEVICE_FAMILY = "1,2";
				VALIDATE_PRODUCT = YES;
			};
			name = Release;
		};
		F249A0C42621C90600D6829A /* Debug */ = {
			isa = XCBuildConfiguration;
			buildSettings = {
				APPLICATION_EXTENSION_API_ONLY = YES;
				CLANG_ENABLE_MODULES = YES;
				CODE_SIGN_STYLE = Automatic;
				CURRENT_PROJECT_VERSION = 1;
				DEFINES_MODULE = YES;
				DEVELOPMENT_TEAM = K677BRB35L;
				DYLIB_COMPATIBILITY_VERSION = 1;
				DYLIB_CURRENT_VERSION = 1;
				DYLIB_INSTALL_NAME_BASE = "@rpath";
				INFOPLIST_FILE = Sources/WasmicKit/Info.plist;
				INSTALL_PATH = "$(LOCAL_LIBRARY_DIR)/Frameworks";
				LD_RUNPATH_SEARCH_PATHS = (
					"$(inherited)",
					"@executable_path/Frameworks",
					"@loader_path/Frameworks",
				);
				OTHER_LDFLAGS = "-all_load";
				PRODUCT_BUNDLE_IDENTIFIER = dev.katei.WasmicKit;
				PRODUCT_NAME = "$(TARGET_NAME:c99extidentifier)";
				SDKROOT = iphoneos;
				SKIP_INSTALL = YES;
				SWIFT_OPTIMIZATION_LEVEL = "-Onone";
				SWIFT_VERSION = 5.0;
				TARGETED_DEVICE_FAMILY = "1,2";
				VERSIONING_SYSTEM = "apple-generic";
				VERSION_INFO_PREFIX = "";
			};
			name = Debug;
		};
		F249A0C52621C90600D6829A /* Release */ = {
			isa = XCBuildConfiguration;
			buildSettings = {
				APPLICATION_EXTENSION_API_ONLY = YES;
				CLANG_ENABLE_MODULES = YES;
				CODE_SIGN_STYLE = Automatic;
				CURRENT_PROJECT_VERSION = 1;
				DEFINES_MODULE = YES;
				DEVELOPMENT_TEAM = K677BRB35L;
				DYLIB_COMPATIBILITY_VERSION = 1;
				DYLIB_CURRENT_VERSION = 1;
				DYLIB_INSTALL_NAME_BASE = "@rpath";
				INFOPLIST_FILE = Sources/WasmicKit/Info.plist;
				INSTALL_PATH = "$(LOCAL_LIBRARY_DIR)/Frameworks";
				LD_RUNPATH_SEARCH_PATHS = (
					"$(inherited)",
					"@executable_path/Frameworks",
					"@loader_path/Frameworks",
				);
				OTHER_LDFLAGS = "-all_load";
				PRODUCT_BUNDLE_IDENTIFIER = dev.katei.WasmicKit;
				PRODUCT_NAME = "$(TARGET_NAME:c99extidentifier)";
				SDKROOT = iphoneos;
				SKIP_INSTALL = YES;
				SWIFT_VERSION = 5.0;
				TARGETED_DEVICE_FAMILY = "1,2";
				VALIDATE_PRODUCT = YES;
				VERSIONING_SYSTEM = "apple-generic";
				VERSION_INFO_PREFIX = "";
			};
			name = Release;
		};
		F249A3362622DC2000D6829A /* Debug */ = {
			isa = XCBuildConfiguration;
			buildSettings = {
				CODE_SIGN_STYLE = Automatic;
				DEVELOPMENT_TEAM = K677BRB35L;
				OTHER_LDFLAGS = "-ObjC";
				PRODUCT_NAME = "$(TARGET_NAME)";
				PUBLIC_HEADERS_FOLDER_PATH = "$(TARGET_NAME)";
				SDKROOT = iphoneos;
				SKIP_INSTALL = YES;
				SWIFT_VERSION = 5.0;
				TARGETED_DEVICE_FAMILY = "1,2";
				USER_HEADER_SEARCH_PATHS = "${TARGET_BUILD_DIR}/$(TARGET_NAME)";
			};
			name = Debug;
		};
		F249A3372622DC2000D6829A /* Release */ = {
			isa = XCBuildConfiguration;
			buildSettings = {
				CODE_SIGN_STYLE = Automatic;
				DEVELOPMENT_TEAM = K677BRB35L;
				OTHER_LDFLAGS = "-ObjC";
				PRODUCT_NAME = "$(TARGET_NAME)";
				PUBLIC_HEADERS_FOLDER_PATH = "$(TARGET_NAME)";
				SDKROOT = iphoneos;
				SKIP_INSTALL = YES;
				SWIFT_VERSION = 5.0;
				TARGETED_DEVICE_FAMILY = "1,2";
				USER_HEADER_SEARCH_PATHS = "${TARGET_BUILD_DIR}/$(TARGET_NAME)";
				VALIDATE_PRODUCT = YES;
			};
			name = Release;
		};
		F25199AF261F26530037DA79 /* Debug */ = {
			isa = XCBuildConfiguration;
			buildSettings = {
				ALWAYS_SEARCH_USER_PATHS = NO;
				CLANG_ANALYZER_LOCALIZABILITY_NONLOCALIZED = YES;
				CLANG_ANALYZER_NONNULL = YES;
				CLANG_ANALYZER_NUMBER_OBJECT_CONVERSION = YES_AGGRESSIVE;
				CLANG_CXX_LANGUAGE_STANDARD = "gnu++14";
				CLANG_CXX_LIBRARY = "libc++";
				CLANG_ENABLE_MODULES = YES;
				CLANG_ENABLE_OBJC_ARC = YES;
				CLANG_ENABLE_OBJC_WEAK = YES;
				CLANG_WARN_BLOCK_CAPTURE_AUTORELEASING = YES;
				CLANG_WARN_BOOL_CONVERSION = YES;
				CLANG_WARN_COMMA = YES;
				CLANG_WARN_CONSTANT_CONVERSION = YES;
				CLANG_WARN_DEPRECATED_OBJC_IMPLEMENTATIONS = YES;
				CLANG_WARN_DIRECT_OBJC_ISA_USAGE = YES_ERROR;
				CLANG_WARN_DOCUMENTATION_COMMENTS = YES;
				CLANG_WARN_EMPTY_BODY = YES;
				CLANG_WARN_ENUM_CONVERSION = YES;
				CLANG_WARN_INFINITE_RECURSION = YES;
				CLANG_WARN_INT_CONVERSION = YES;
				CLANG_WARN_NON_LITERAL_NULL_CONVERSION = YES;
				CLANG_WARN_OBJC_IMPLICIT_RETAIN_SELF = YES;
				CLANG_WARN_OBJC_LITERAL_CONVERSION = YES;
				CLANG_WARN_OBJC_ROOT_CLASS = YES_ERROR;
				CLANG_WARN_QUOTED_INCLUDE_IN_FRAMEWORK_HEADER = YES;
				CLANG_WARN_RANGE_LOOP_ANALYSIS = YES;
				CLANG_WARN_STRICT_PROTOTYPES = YES;
				CLANG_WARN_SUSPICIOUS_MOVE = YES;
				CLANG_WARN_UNGUARDED_AVAILABILITY = YES_AGGRESSIVE;
				CLANG_WARN_UNREACHABLE_CODE = YES;
				CLANG_WARN__DUPLICATE_METHOD_MATCH = YES;
				COPY_PHASE_STRIP = NO;
				DEBUG_INFORMATION_FORMAT = dwarf;
				ENABLE_STRICT_OBJC_MSGSEND = YES;
				ENABLE_TESTABILITY = YES;
				GCC_C_LANGUAGE_STANDARD = gnu11;
				GCC_DYNAMIC_NO_PIC = NO;
				GCC_NO_COMMON_BLOCKS = YES;
				GCC_OPTIMIZATION_LEVEL = 0;
				GCC_PREPROCESSOR_DEFINITIONS = (
					"DEBUG=1",
					"$(inherited)",
				);
				GCC_WARN_64_TO_32_BIT_CONVERSION = YES;
				GCC_WARN_ABOUT_RETURN_TYPE = YES_ERROR;
				GCC_WARN_UNDECLARED_SELECTOR = YES;
				GCC_WARN_UNINITIALIZED_AUTOS = YES_AGGRESSIVE;
				GCC_WARN_UNUSED_FUNCTION = YES;
				GCC_WARN_UNUSED_VARIABLE = YES;
				IPHONEOS_DEPLOYMENT_TARGET = 14.0;
				MTL_ENABLE_DEBUG_INFO = INCLUDE_SOURCE;
				MTL_FAST_MATH = YES;
				ONLY_ACTIVE_ARCH = YES;
				SWIFT_ACTIVE_COMPILATION_CONDITIONS = DEBUG;
				SWIFT_OPTIMIZATION_LEVEL = "-Onone";
			};
			name = Debug;
		};
		F25199B0261F26530037DA79 /* Release */ = {
			isa = XCBuildConfiguration;
			buildSettings = {
				ALWAYS_SEARCH_USER_PATHS = NO;
				CLANG_ANALYZER_LOCALIZABILITY_NONLOCALIZED = YES;
				CLANG_ANALYZER_NONNULL = YES;
				CLANG_ANALYZER_NUMBER_OBJECT_CONVERSION = YES_AGGRESSIVE;
				CLANG_CXX_LANGUAGE_STANDARD = "gnu++14";
				CLANG_CXX_LIBRARY = "libc++";
				CLANG_ENABLE_MODULES = YES;
				CLANG_ENABLE_OBJC_ARC = YES;
				CLANG_ENABLE_OBJC_WEAK = YES;
				CLANG_WARN_BLOCK_CAPTURE_AUTORELEASING = YES;
				CLANG_WARN_BOOL_CONVERSION = YES;
				CLANG_WARN_COMMA = YES;
				CLANG_WARN_CONSTANT_CONVERSION = YES;
				CLANG_WARN_DEPRECATED_OBJC_IMPLEMENTATIONS = YES;
				CLANG_WARN_DIRECT_OBJC_ISA_USAGE = YES_ERROR;
				CLANG_WARN_DOCUMENTATION_COMMENTS = YES;
				CLANG_WARN_EMPTY_BODY = YES;
				CLANG_WARN_ENUM_CONVERSION = YES;
				CLANG_WARN_INFINITE_RECURSION = YES;
				CLANG_WARN_INT_CONVERSION = YES;
				CLANG_WARN_NON_LITERAL_NULL_CONVERSION = YES;
				CLANG_WARN_OBJC_IMPLICIT_RETAIN_SELF = YES;
				CLANG_WARN_OBJC_LITERAL_CONVERSION = YES;
				CLANG_WARN_OBJC_ROOT_CLASS = YES_ERROR;
				CLANG_WARN_QUOTED_INCLUDE_IN_FRAMEWORK_HEADER = YES;
				CLANG_WARN_RANGE_LOOP_ANALYSIS = YES;
				CLANG_WARN_STRICT_PROTOTYPES = YES;
				CLANG_WARN_SUSPICIOUS_MOVE = YES;
				CLANG_WARN_UNGUARDED_AVAILABILITY = YES_AGGRESSIVE;
				CLANG_WARN_UNREACHABLE_CODE = YES;
				CLANG_WARN__DUPLICATE_METHOD_MATCH = YES;
				COPY_PHASE_STRIP = NO;
				DEBUG_INFORMATION_FORMAT = "dwarf-with-dsym";
				ENABLE_NS_ASSERTIONS = NO;
				ENABLE_STRICT_OBJC_MSGSEND = YES;
				GCC_C_LANGUAGE_STANDARD = gnu11;
				GCC_NO_COMMON_BLOCKS = YES;
				GCC_WARN_64_TO_32_BIT_CONVERSION = YES;
				GCC_WARN_ABOUT_RETURN_TYPE = YES_ERROR;
				GCC_WARN_UNDECLARED_SELECTOR = YES;
				GCC_WARN_UNINITIALIZED_AUTOS = YES_AGGRESSIVE;
				GCC_WARN_UNUSED_FUNCTION = YES;
				GCC_WARN_UNUSED_VARIABLE = YES;
				IPHONEOS_DEPLOYMENT_TARGET = 14.0;
				MTL_ENABLE_DEBUG_INFO = NO;
				MTL_FAST_MATH = YES;
				SWIFT_COMPILATION_MODE = wholemodule;
				SWIFT_OPTIMIZATION_LEVEL = "-O";
			};
			name = Release;
		};
		F25199B2261F26530037DA79 /* Debug */ = {
			isa = XCBuildConfiguration;
			buildSettings = {
				ALWAYS_EMBED_SWIFT_STANDARD_LIBRARIES = YES;
				ASSETCATALOG_COMPILER_APPICON_NAME = AppIcon;
				ASSETCATALOG_COMPILER_GLOBAL_ACCENT_COLOR_NAME = AccentColor;
				CLANG_ENABLE_MODULES = YES;
				CODE_SIGN_ENTITLEMENTS = Sources/iOS/WasmicDebug.entitlements;
				CODE_SIGN_STYLE = Automatic;
				DEVELOPMENT_TEAM = K677BRB35L;
				ENABLE_PREVIEWS = YES;
				INFOPLIST_FILE = Sources/iOS/Info.plist;
				LD_RUNPATH_SEARCH_PATHS = (
					"$(inherited)",
					"@executable_path/Frameworks",
				);
				PRODUCT_BUNDLE_IDENTIFIER = dev.katei.wasmic;
				PRODUCT_NAME = Wasmic;
				SDKROOT = iphoneos;
				SWIFT_OPTIMIZATION_LEVEL = "-Onone";
				SWIFT_VERSION = 5.0;
				TARGETED_DEVICE_FAMILY = "1,2";
			};
			name = Debug;
		};
		F25199B3261F26530037DA79 /* Release */ = {
			isa = XCBuildConfiguration;
			buildSettings = {
				ALWAYS_EMBED_SWIFT_STANDARD_LIBRARIES = YES;
				ASSETCATALOG_COMPILER_APPICON_NAME = AppIcon;
				ASSETCATALOG_COMPILER_GLOBAL_ACCENT_COLOR_NAME = AccentColor;
				CLANG_ENABLE_MODULES = YES;
				CODE_SIGN_STYLE = Automatic;
				DEVELOPMENT_TEAM = K677BRB35L;
				ENABLE_PREVIEWS = YES;
				INFOPLIST_FILE = Sources/iOS/Info.plist;
				LD_RUNPATH_SEARCH_PATHS = (
					"$(inherited)",
					"@executable_path/Frameworks",
				);
				PRODUCT_BUNDLE_IDENTIFIER = dev.katei.wasmic;
				PRODUCT_NAME = Wasmic;
				SDKROOT = iphoneos;
				SWIFT_VERSION = 5.0;
				TARGETED_DEVICE_FAMILY = "1,2";
				VALIDATE_PRODUCT = YES;
			};
			name = Release;
		};
/* End XCBuildConfiguration section */

/* Begin XCConfigurationList section */
		F2499E752620A58F00D6829A /* Build configuration list for PBXNativeTarget "WasmicTests" */ = {
			isa = XCConfigurationList;
			buildConfigurations = (
				F2499E762620A58F00D6829A /* Debug */,
				F2499E772620A58F00D6829A /* Release */,
			);
			defaultConfigurationIsVisible = 0;
			defaultConfigurationName = Release;
		};
		F2499EA12620B40900D6829A /* Build configuration list for PBXNativeTarget "WasmicWasm" */ = {
			isa = XCConfigurationList;
			buildConfigurations = (
				F2499EA22620B40900D6829A /* Debug */,
				F2499EA32620B40900D6829A /* Release */,
			);
			defaultConfigurationIsVisible = 0;
			defaultConfigurationName = Release;
		};
		F2499EB32620B43100D6829A /* Build configuration list for PBXNativeTarget "WasmicWasmTests" */ = {
			isa = XCConfigurationList;
			buildConfigurations = (
				F2499EB42620B43100D6829A /* Debug */,
				F2499EB52620B43100D6829A /* Release */,
			);
			defaultConfigurationIsVisible = 0;
			defaultConfigurationName = Release;
		};
		F249A0722621C42900D6829A /* Build configuration list for PBXNativeTarget "WasmicIntents" */ = {
			isa = XCConfigurationList;
			buildConfigurations = (
				F249A0732621C42900D6829A /* Debug */,
				F249A0742621C42900D6829A /* Release */,
			);
			defaultConfigurationIsVisible = 0;
			defaultConfigurationName = Release;
		};
		F249A0C32621C90600D6829A /* Build configuration list for PBXNativeTarget "WasmicKit" */ = {
			isa = XCConfigurationList;
			buildConfigurations = (
				F249A0C42621C90600D6829A /* Debug */,
				F249A0C52621C90600D6829A /* Release */,
			);
			defaultConfigurationIsVisible = 0;
			defaultConfigurationName = Release;
		};
		F249A3352622DC2000D6829A /* Build configuration list for PBXNativeTarget "CWasmicWASI" */ = {
			isa = XCConfigurationList;
			buildConfigurations = (
				F249A3362622DC2000D6829A /* Debug */,
				F249A3372622DC2000D6829A /* Release */,
			);
			defaultConfigurationIsVisible = 0;
			defaultConfigurationName = Release;
		};
		F251997E261F26520037DA79 /* Build configuration list for PBXProject "Wasmic" */ = {
			isa = XCConfigurationList;
			buildConfigurations = (
				F25199AF261F26530037DA79 /* Debug */,
				F25199B0261F26530037DA79 /* Release */,
			);
			defaultConfigurationIsVisible = 0;
			defaultConfigurationName = Release;
		};
		F25199B1261F26530037DA79 /* Build configuration list for PBXNativeTarget "Wasmic" */ = {
			isa = XCConfigurationList;
			buildConfigurations = (
				F25199B2261F26530037DA79 /* Debug */,
				F25199B3261F26530037DA79 /* Release */,
			);
			defaultConfigurationIsVisible = 0;
			defaultConfigurationName = Release;
		};
/* End XCConfigurationList section */

/* Begin XCRemoteSwiftPackageReference section */
		F2499F9E26218F4A00D6829A /* XCRemoteSwiftPackageReference "Highlightr" */ = {
			isa = XCRemoteSwiftPackageReference;
			repositoryURL = "https://github.com/raspu/Highlightr.git";
			requirement = {
				branch = master;
				kind = branch;
			};
		};
/* End XCRemoteSwiftPackageReference section */

/* Begin XCSwiftPackageProductDependency section */
		F2499F9F26218F4A00D6829A /* Highlightr */ = {
			isa = XCSwiftPackageProductDependency;
			package = F2499F9E26218F4A00D6829A /* XCRemoteSwiftPackageReference "Highlightr" */;
			productName = Highlightr;
		};
/* End XCSwiftPackageProductDependency section */
	};
	rootObject = F251997B261F26520037DA79 /* Project object */;
}
