// !$*UTF8*$!
{
	archiveVersion = 1;
	classes = {
	};
	objectVersion = 52;
	objects = {

/* Begin PBXBuildFile section */
		F2499D91261F466C00D6829A /* wasm3.xcframework in Frameworks */ = {isa = PBXBuildFile; fileRef = F2499D90261F466C00D6829A /* wasm3.xcframework */; };
		F2499D9F261F4BB400D6829A /* AppDelegate.swift in Sources */ = {isa = PBXBuildFile; fileRef = F2499D9E261F4BB400D6829A /* AppDelegate.swift */; };
		F2499DBF261F4ED400D6829A /* SceneDelegate.swift in Sources */ = {isa = PBXBuildFile; fileRef = F2499DBE261F4ED400D6829A /* SceneDelegate.swift */; };
		F2499DE5261F5B9500D6829A /* DocumentBrowserViewController.swift in Sources */ = {isa = PBXBuildFile; fileRef = F2499DE4261F5B9500D6829A /* DocumentBrowserViewController.swift */; };
		F2499DEB261F5BED00D6829A /* WasmDocument.swift in Sources */ = {isa = PBXBuildFile; fileRef = F2499DEA261F5BED00D6829A /* WasmDocument.swift */; };
		F2499DEE261FDFBD00D6829A /* WasmDocumentViewController.swift in Sources */ = {isa = PBXBuildFile; fileRef = F2499DED261FDFBD00D6829A /* WasmDocumentViewController.swift */; };
		F2499DF12620160800D6829A /* KeyboardLayoutObserver.swift in Sources */ = {isa = PBXBuildFile; fileRef = F2499DF02620160800D6829A /* KeyboardLayoutObserver.swift */; };
		F25199AB261F26530037DA79 /* ContentView.swift in Sources */ = {isa = PBXBuildFile; fileRef = F2519981261F26520037DA79 /* ContentView.swift */; };
		F25199AD261F26530037DA79 /* Assets.xcassets in Resources */ = {isa = PBXBuildFile; fileRef = F2519982261F26530037DA79 /* Assets.xcassets */; };
/* End PBXBuildFile section */

/* Begin PBXFileReference section */
		F2499D90261F466C00D6829A /* wasm3.xcframework */ = {isa = PBXFileReference; lastKnownFileType = wrapper.xcframework; name = wasm3.xcframework; path = "third-party/build/wasm3.xcframework"; sourceTree = "<group>"; };
		F2499D9E261F4BB400D6829A /* AppDelegate.swift */ = {isa = PBXFileReference; lastKnownFileType = sourcecode.swift; path = AppDelegate.swift; sourceTree = "<group>"; };
		F2499DBE261F4ED400D6829A /* SceneDelegate.swift */ = {isa = PBXFileReference; lastKnownFileType = sourcecode.swift; path = SceneDelegate.swift; sourceTree = "<group>"; };
		F2499DE4261F5B9500D6829A /* DocumentBrowserViewController.swift */ = {isa = PBXFileReference; lastKnownFileType = sourcecode.swift; path = DocumentBrowserViewController.swift; sourceTree = "<group>"; };
		F2499DEA261F5BED00D6829A /* WasmDocument.swift */ = {isa = PBXFileReference; lastKnownFileType = sourcecode.swift; path = WasmDocument.swift; sourceTree = "<group>"; };
		F2499DED261FDFBD00D6829A /* WasmDocumentViewController.swift */ = {isa = PBXFileReference; lastKnownFileType = sourcecode.swift; path = WasmDocumentViewController.swift; sourceTree = "<group>"; };
		F2499DF02620160800D6829A /* KeyboardLayoutObserver.swift */ = {isa = PBXFileReference; lastKnownFileType = sourcecode.swift; path = KeyboardLayoutObserver.swift; sourceTree = "<group>"; };
		F2519981261F26520037DA79 /* ContentView.swift */ = {isa = PBXFileReference; lastKnownFileType = sourcecode.swift; path = ContentView.swift; sourceTree = "<group>"; };
		F2519982261F26530037DA79 /* Assets.xcassets */ = {isa = PBXFileReference; lastKnownFileType = folder.assetcatalog; path = Assets.xcassets; sourceTree = "<group>"; };
		F2519987261F26530037DA79 /* Wasmic.app */ = {isa = PBXFileReference; explicitFileType = wrapper.application; includeInIndex = 0; path = Wasmic.app; sourceTree = BUILT_PRODUCTS_DIR; };
		F251998A261F26530037DA79 /* Info.plist */ = {isa = PBXFileReference; lastKnownFileType = text.plist.xml; path = Info.plist; sourceTree = "<group>"; };
/* End PBXFileReference section */

/* Begin PBXFrameworksBuildPhase section */
		F2519984261F26530037DA79 /* Frameworks */ = {
			isa = PBXFrameworksBuildPhase;
			buildActionMask = 2147483647;
			files = (
				F2499D91261F466C00D6829A /* wasm3.xcframework in Frameworks */,
			);
			runOnlyForDeploymentPostprocessing = 0;
		};
/* End PBXFrameworksBuildPhase section */

/* Begin PBXGroup section */
		F2499D8F261F466C00D6829A /* Frameworks */ = {
			isa = PBXGroup;
			children = (
				F2499D90261F466C00D6829A /* wasm3.xcframework */,
			);
			name = Frameworks;
			sourceTree = "<group>";
		};
		F251997A261F26520037DA79 = {
			isa = PBXGroup;
			children = (
				F251997F261F26520037DA79 /* Shared */,
				F2519989261F26530037DA79 /* iOS */,
				F2519988261F26530037DA79 /* Products */,
				F2499D8F261F466C00D6829A /* Frameworks */,
			);
			sourceTree = "<group>";
		};
		F251997F261F26520037DA79 /* Shared */ = {
			isa = PBXGroup;
			children = (
				F2519981261F26520037DA79 /* ContentView.swift */,
				F2519982261F26530037DA79 /* Assets.xcassets */,
			);
			path = Shared;
			sourceTree = "<group>";
		};
		F2519988261F26530037DA79 /* Products */ = {
			isa = PBXGroup;
			children = (
				F2519987261F26530037DA79 /* Wasmic.app */,
			);
			name = Products;
			sourceTree = "<group>";
		};
		F2519989261F26530037DA79 /* iOS */ = {
			isa = PBXGroup;
			children = (
				F251998A261F26530037DA79 /* Info.plist */,
				F2499D9E261F4BB400D6829A /* AppDelegate.swift */,
				F2499DBE261F4ED400D6829A /* SceneDelegate.swift */,
				F2499DE4261F5B9500D6829A /* DocumentBrowserViewController.swift */,
				F2499DED261FDFBD00D6829A /* WasmDocumentViewController.swift */,
				F2499DEA261F5BED00D6829A /* WasmDocument.swift */,
				F2499DF02620160800D6829A /* KeyboardLayoutObserver.swift */,
			);
			path = iOS;
			sourceTree = "<group>";
		};
/* End PBXGroup section */

/* Begin PBXNativeTarget section */
		F2519986261F26530037DA79 /* Wasmic */ = {
			isa = PBXNativeTarget;
			buildConfigurationList = F25199B1261F26530037DA79 /* Build configuration list for PBXNativeTarget "Wasmic" */;
			buildPhases = (
				F2519983261F26530037DA79 /* Sources */,
				F2519984261F26530037DA79 /* Frameworks */,
				F2519985261F26530037DA79 /* Resources */,
			);
			buildRules = (
			);
			dependencies = (
			);
			name = Wasmic;
			productName = "Wasmic (iOS)";
			productReference = F2519987261F26530037DA79 /* Wasmic.app */;
			productType = "com.apple.product-type.application";
		};
/* End PBXNativeTarget section */

/* Begin PBXProject section */
		F251997B261F26520037DA79 /* Project object */ = {
			isa = PBXProject;
			attributes = {
				LastSwiftUpdateCheck = 1230;
				LastUpgradeCheck = 1240;
				TargetAttributes = {
					F2519986261F26530037DA79 = {
						CreatedOnToolsVersion = 12.4;
						LastSwiftMigration = 1230;
					};
				};
			};
			buildConfigurationList = F251997E261F26520037DA79 /* Build configuration list for PBXProject "Wasmic" */;
			compatibilityVersion = "Xcode 9.3";
			developmentRegion = en;
			hasScannedForEncodings = 0;
			knownRegions = (
				en,
				Base,
			);
			mainGroup = F251997A261F26520037DA79;
			productRefGroup = F2519988261F26530037DA79 /* Products */;
			projectDirPath = "";
			projectRoot = "";
			targets = (
				F2519986261F26530037DA79 /* Wasmic */,
			);
		};
/* End PBXProject section */

/* Begin PBXResourcesBuildPhase section */
		F2519985261F26530037DA79 /* Resources */ = {
			isa = PBXResourcesBuildPhase;
			buildActionMask = 2147483647;
			files = (
				F25199AD261F26530037DA79 /* Assets.xcassets in Resources */,
			);
			runOnlyForDeploymentPostprocessing = 0;
		};
/* End PBXResourcesBuildPhase section */

/* Begin PBXSourcesBuildPhase section */
		F2519983261F26530037DA79 /* Sources */ = {
			isa = PBXSourcesBuildPhase;
			buildActionMask = 2147483647;
			files = (
				F2499DE5261F5B9500D6829A /* DocumentBrowserViewController.swift in Sources */,
				F2499D9F261F4BB400D6829A /* AppDelegate.swift in Sources */,
				F2499DEE261FDFBD00D6829A /* WasmDocumentViewController.swift in Sources */,
				F2499DEB261F5BED00D6829A /* WasmDocument.swift in Sources */,
				F2499DF12620160800D6829A /* KeyboardLayoutObserver.swift in Sources */,
				F25199AB261F26530037DA79 /* ContentView.swift in Sources */,
				F2499DBF261F4ED400D6829A /* SceneDelegate.swift in Sources */,
			);
			runOnlyForDeploymentPostprocessing = 0;
		};
/* End PBXSourcesBuildPhase section */

/* Begin XCBuildConfiguration section */
		F25199AF261F26530037DA79 /* Debug */ = {
			isa = XCBuildConfiguration;
			buildSettings = {
				ALWAYS_SEARCH_USER_PATHS = NO;
				CLANG_ANALYZER_NONNULL = YES;
				CLANG_ANALYZER_NUMBER_OBJECT_CONVERSION = YES_AGGRESSIVE;
				CLANG_CXX_LANGUAGE_STANDARD = "gnu++14";
				CLANG_CXX_LIBRARY = "libc++";
				CLANG_ENABLE_MODULES = YES;
				CLANG_ENABLE_OBJC_ARC = YES;
				CLANG_ENABLE_OBJC_WEAK = YES;
				CLANG_WARN_BLOCK_CAPTURE_AUTORELEASING = YES;
				CLANG_WARN_BOOL_CONVERSION = YES;
				CLANG_WARN_COMMA = YES;
				CLANG_WARN_CONSTANT_CONVERSION = YES;
				CLANG_WARN_DEPRECATED_OBJC_IMPLEMENTATIONS = YES;
				CLANG_WARN_DIRECT_OBJC_ISA_USAGE = YES_ERROR;
				CLANG_WARN_DOCUMENTATION_COMMENTS = YES;
				CLANG_WARN_EMPTY_BODY = YES;
				CLANG_WARN_ENUM_CONVERSION = YES;
				CLANG_WARN_INFINITE_RECURSION = YES;
				CLANG_WARN_INT_CONVERSION = YES;
				CLANG_WARN_NON_LITERAL_NULL_CONVERSION = YES;
				CLANG_WARN_OBJC_IMPLICIT_RETAIN_SELF = YES;
				CLANG_WARN_OBJC_LITERAL_CONVERSION = YES;
				CLANG_WARN_OBJC_ROOT_CLASS = YES_ERROR;
				CLANG_WARN_QUOTED_INCLUDE_IN_FRAMEWORK_HEADER = YES;
				CLANG_WARN_RANGE_LOOP_ANALYSIS = YES;
				CLANG_WARN_STRICT_PROTOTYPES = YES;
				CLANG_WARN_SUSPICIOUS_MOVE = YES;
				CLANG_WARN_UNGUARDED_AVAILABILITY = YES_AGGRESSIVE;
				CLANG_WARN_UNREACHABLE_CODE = YES;
				CLANG_WARN__DUPLICATE_METHOD_MATCH = YES;
				COPY_PHASE_STRIP = NO;
				DEBUG_INFORMATION_FORMAT = dwarf;
				ENABLE_STRICT_OBJC_MSGSEND = YES;
				ENABLE_TESTABILITY = YES;
				GCC_C_LANGUAGE_STANDARD = gnu11;
				GCC_DYNAMIC_NO_PIC = NO;
				GCC_NO_COMMON_BLOCKS = YES;
				GCC_OPTIMIZATION_LEVEL = 0;
				GCC_PREPROCESSOR_DEFINITIONS = (
					"DEBUG=1",
					"$(inherited)",
				);
				GCC_WARN_64_TO_32_BIT_CONVERSION = YES;
				GCC_WARN_ABOUT_RETURN_TYPE = YES_ERROR;
				GCC_WARN_UNDECLARED_SELECTOR = YES;
				GCC_WARN_UNINITIALIZED_AUTOS = YES_AGGRESSIVE;
				GCC_WARN_UNUSED_FUNCTION = YES;
				GCC_WARN_UNUSED_VARIABLE = YES;
				IPHONEOS_DEPLOYMENT_TARGET = 13.0;
				MTL_ENABLE_DEBUG_INFO = INCLUDE_SOURCE;
				MTL_FAST_MATH = YES;
				ONLY_ACTIVE_ARCH = YES;
				SWIFT_ACTIVE_COMPILATION_CONDITIONS = DEBUG;
				SWIFT_OPTIMIZATION_LEVEL = "-Onone";
			};
			name = Debug;
		};
		F25199B0261F26530037DA79 /* Release */ = {
			isa = XCBuildConfiguration;
			buildSettings = {
				ALWAYS_SEARCH_USER_PATHS = NO;
				CLANG_ANALYZER_NONNULL = YES;
				CLANG_ANALYZER_NUMBER_OBJECT_CONVERSION = YES_AGGRESSIVE;
				CLANG_CXX_LANGUAGE_STANDARD = "gnu++14";
				CLANG_CXX_LIBRARY = "libc++";
				CLANG_ENABLE_MODULES = YES;
				CLANG_ENABLE_OBJC_ARC = YES;
				CLANG_ENABLE_OBJC_WEAK = YES;
				CLANG_WARN_BLOCK_CAPTURE_AUTORELEASING = YES;
				CLANG_WARN_BOOL_CONVERSION = YES;
				CLANG_WARN_COMMA = YES;
				CLANG_WARN_CONSTANT_CONVERSION = YES;
				CLANG_WARN_DEPRECATED_OBJC_IMPLEMENTATIONS = YES;
				CLANG_WARN_DIRECT_OBJC_ISA_USAGE = YES_ERROR;
				CLANG_WARN_DOCUMENTATION_COMMENTS = YES;
				CLANG_WARN_EMPTY_BODY = YES;
				CLANG_WARN_ENUM_CONVERSION = YES;
				CLANG_WARN_INFINITE_RECURSION = YES;
				CLANG_WARN_INT_CONVERSION = YES;
				CLANG_WARN_NON_LITERAL_NULL_CONVERSION = YES;
				CLANG_WARN_OBJC_IMPLICIT_RETAIN_SELF = YES;
				CLANG_WARN_OBJC_LITERAL_CONVERSION = YES;
				CLANG_WARN_OBJC_ROOT_CLASS = YES_ERROR;
				CLANG_WARN_QUOTED_INCLUDE_IN_FRAMEWORK_HEADER = YES;
				CLANG_WARN_RANGE_LOOP_ANALYSIS = YES;
				CLANG_WARN_STRICT_PROTOTYPES = YES;
				CLANG_WARN_SUSPICIOUS_MOVE = YES;
				CLANG_WARN_UNGUARDED_AVAILABILITY = YES_AGGRESSIVE;
				CLANG_WARN_UNREACHABLE_CODE = YES;
				CLANG_WARN__DUPLICATE_METHOD_MATCH = YES;
				COPY_PHASE_STRIP = NO;
				DEBUG_INFORMATION_FORMAT = "dwarf-with-dsym";
				ENABLE_NS_ASSERTIONS = NO;
				ENABLE_STRICT_OBJC_MSGSEND = YES;
				GCC_C_LANGUAGE_STANDARD = gnu11;
				GCC_NO_COMMON_BLOCKS = YES;
				GCC_WARN_64_TO_32_BIT_CONVERSION = YES;
				GCC_WARN_ABOUT_RETURN_TYPE = YES_ERROR;
				GCC_WARN_UNDECLARED_SELECTOR = YES;
				GCC_WARN_UNINITIALIZED_AUTOS = YES_AGGRESSIVE;
				GCC_WARN_UNUSED_FUNCTION = YES;
				GCC_WARN_UNUSED_VARIABLE = YES;
				IPHONEOS_DEPLOYMENT_TARGET = 13.0;
				MTL_ENABLE_DEBUG_INFO = NO;
				MTL_FAST_MATH = YES;
				SWIFT_COMPILATION_MODE = wholemodule;
				SWIFT_OPTIMIZATION_LEVEL = "-O";
			};
			name = Release;
		};
		F25199B2261F26530037DA79 /* Debug */ = {
			isa = XCBuildConfiguration;
			buildSettings = {
				ASSETCATALOG_COMPILER_APPICON_NAME = AppIcon;
				ASSETCATALOG_COMPILER_GLOBAL_ACCENT_COLOR_NAME = AccentColor;
				CLANG_ENABLE_MODULES = YES;
				CODE_SIGN_STYLE = Automatic;
				DEVELOPMENT_TEAM = K677BRB35L;
				ENABLE_PREVIEWS = YES;
				INFOPLIST_FILE = iOS/Info.plist;
				IPHONEOS_DEPLOYMENT_TARGET = 14.0;
				LD_RUNPATH_SEARCH_PATHS = (
					"$(inherited)",
					"@executable_path/Frameworks",
				);
				PRODUCT_BUNDLE_IDENTIFIER = dev.katei.Wasmic;
				PRODUCT_NAME = Wasmic;
				SDKROOT = iphoneos;
				SWIFT_OPTIMIZATION_LEVEL = "-Onone";
				SWIFT_VERSION = 5.0;
				TARGETED_DEVICE_FAMILY = "1,2";
			};
			name = Debug;
		};
		F25199B3261F26530037DA79 /* Release */ = {
			isa = XCBuildConfiguration;
			buildSettings = {
				ASSETCATALOG_COMPILER_APPICON_NAME = AppIcon;
				ASSETCATALOG_COMPILER_GLOBAL_ACCENT_COLOR_NAME = AccentColor;
				CLANG_ENABLE_MODULES = YES;
				CODE_SIGN_STYLE = Automatic;
				DEVELOPMENT_TEAM = K677BRB35L;
				ENABLE_PREVIEWS = YES;
				INFOPLIST_FILE = iOS/Info.plist;
				IPHONEOS_DEPLOYMENT_TARGET = 14.0;
				LD_RUNPATH_SEARCH_PATHS = (
					"$(inherited)",
					"@executable_path/Frameworks",
				);
				PRODUCT_BUNDLE_IDENTIFIER = dev.katei.Wasmic;
				PRODUCT_NAME = Wasmic;
				SDKROOT = iphoneos;
				SWIFT_VERSION = 5.0;
				TARGETED_DEVICE_FAMILY = "1,2";
				VALIDATE_PRODUCT = YES;
			};
			name = Release;
		};
/* End XCBuildConfiguration section */

/* Begin XCConfigurationList section */
		F251997E261F26520037DA79 /* Build configuration list for PBXProject "Wasmic" */ = {
			isa = XCConfigurationList;
			buildConfigurations = (
				F25199AF261F26530037DA79 /* Debug */,
				F25199B0261F26530037DA79 /* Release */,
			);
			defaultConfigurationIsVisible = 0;
			defaultConfigurationName = Release;
		};
		F25199B1261F26530037DA79 /* Build configuration list for PBXNativeTarget "Wasmic" */ = {
			isa = XCConfigurationList;
			buildConfigurations = (
				F25199B2261F26530037DA79 /* Debug */,
				F25199B3261F26530037DA79 /* Release */,
			);
			defaultConfigurationIsVisible = 0;
			defaultConfigurationName = Release;
		};
/* End XCConfigurationList section */
	};
	rootObject = F251997B261F26520037DA79 /* Project object */;
}
